// !$*UTF8*$!
{
	archiveVersion = 1;
	classes = {
	};
	objectVersion = 56;
	objects = {

/* Begin PBXBuildFile section */
		D085D4442B8F1A9A001A4DF7 /* Pie_swiftApp.swift in Sources */ = {isa = PBXBuildFile; fileRef = D085D4432B8F1A9A001A4DF7 /* Pie_swiftApp.swift */; };
		D085D4462B8F1A9A001A4DF7 /* ContentView.swift in Sources */ = {isa = PBXBuildFile; fileRef = D085D4452B8F1A9A001A4DF7 /* ContentView.swift */; };
		D085D4482B8F1A9B001A4DF7 /* Assets.xcassets in Resources */ = {isa = PBXBuildFile; fileRef = D085D4472B8F1A9B001A4DF7 /* Assets.xcassets */; };
		D085D44B2B8F1A9B001A4DF7 /* Preview Assets.xcassets in Resources */ = {isa = PBXBuildFile; fileRef = D085D44A2B8F1A9B001A4DF7 /* Preview Assets.xcassets */; };
		D085D4552B8F1A9B001A4DF7 /* Pie_swiftTests.swift in Sources */ = {isa = PBXBuildFile; fileRef = D085D4542B8F1A9B001A4DF7 /* Pie_swiftTests.swift */; };
		D085D45F2B8F1A9B001A4DF7 /* Pie_swiftUITests.swift in Sources */ = {isa = PBXBuildFile; fileRef = D085D45E2B8F1A9B001A4DF7 /* Pie_swiftUITests.swift */; };
		D085D4612B8F1A9B001A4DF7 /* Pie_swiftUITestsLaunchTests.swift in Sources */ = {isa = PBXBuildFile; fileRef = D085D4602B8F1A9B001A4DF7 /* Pie_swiftUITestsLaunchTests.swift */; };
/* End PBXBuildFile section */

/* Begin PBXContainerItemProxy section */
		D085D4512B8F1A9B001A4DF7 /* PBXContainerItemProxy */ = {
			isa = PBXContainerItemProxy;
			containerPortal = D085D4382B8F1A9A001A4DF7 /* Project object */;
			proxyType = 1;
			remoteGlobalIDString = D085D43F2B8F1A9A001A4DF7;
			remoteInfo = Pie.swift;
		};
		D085D45B2B8F1A9B001A4DF7 /* PBXContainerItemProxy */ = {
			isa = PBXContainerItemProxy;
			containerPortal = D085D4382B8F1A9A001A4DF7 /* Project object */;
			proxyType = 1;
			remoteGlobalIDString = D085D43F2B8F1A9A001A4DF7;
			remoteInfo = Pie.swift;
		};
/* End PBXContainerItemProxy section */

/* Begin PBXFileReference section */
		D085D4402B8F1A9A001A4DF7 /* Pie.swift.app */ = {isa = PBXFileReference; explicitFileType = wrapper.application; includeInIndex = 0; path = Pie.swift.app; sourceTree = BUILT_PRODUCTS_DIR; };
		D085D4432B8F1A9A001A4DF7 /* Pie_swiftApp.swift */ = {isa = PBXFileReference; lastKnownFileType = sourcecode.swift; path = Pie_swiftApp.swift; sourceTree = "<group>"; };
		D085D4452B8F1A9A001A4DF7 /* ContentView.swift */ = {isa = PBXFileReference; lastKnownFileType = sourcecode.swift; path = ContentView.swift; sourceTree = "<group>"; };
		D085D4472B8F1A9B001A4DF7 /* Assets.xcassets */ = {isa = PBXFileReference; lastKnownFileType = folder.assetcatalog; path = Assets.xcassets; sourceTree = "<group>"; };
		D085D44A2B8F1A9B001A4DF7 /* Preview Assets.xcassets */ = {isa = PBXFileReference; lastKnownFileType = folder.assetcatalog; path = "Preview Assets.xcassets"; sourceTree = "<group>"; };
		D085D4502B8F1A9B001A4DF7 /* Pie.swiftTests.xctest */ = {isa = PBXFileReference; explicitFileType = wrapper.cfbundle; includeInIndex = 0; path = Pie.swiftTests.xctest; sourceTree = BUILT_PRODUCTS_DIR; };
		D085D4542B8F1A9B001A4DF7 /* Pie_swiftTests.swift */ = {isa = PBXFileReference; lastKnownFileType = sourcecode.swift; path = Pie_swiftTests.swift; sourceTree = "<group>"; };
		D085D45A2B8F1A9B001A4DF7 /* Pie.swiftUITests.xctest */ = {isa = PBXFileReference; explicitFileType = wrapper.cfbundle; includeInIndex = 0; path = Pie.swiftUITests.xctest; sourceTree = BUILT_PRODUCTS_DIR; };
		D085D45E2B8F1A9B001A4DF7 /* Pie_swiftUITests.swift */ = {isa = PBXFileReference; lastKnownFileType = sourcecode.swift; path = Pie_swiftUITests.swift; sourceTree = "<group>"; };
		D085D4602B8F1A9B001A4DF7 /* Pie_swiftUITestsLaunchTests.swift */ = {isa = PBXFileReference; lastKnownFileType = sourcecode.swift; path = Pie_swiftUITestsLaunchTests.swift; sourceTree = "<group>"; };
/* End PBXFileReference section */

/* Begin PBXFrameworksBuildPhase section */
		D085D43D2B8F1A9A001A4DF7 /* Frameworks */ = {
			isa = PBXFrameworksBuildPhase;
			buildActionMask = 2147483647;
			files = (
			);
			runOnlyForDeploymentPostprocessing = 0;
		};
		D085D44D2B8F1A9B001A4DF7 /* Frameworks */ = {
			isa = PBXFrameworksBuildPhase;
			buildActionMask = 2147483647;
			files = (
			);
			runOnlyForDeploymentPostprocessing = 0;
		};
		D085D4572B8F1A9B001A4DF7 /* Frameworks */ = {
			isa = PBXFrameworksBuildPhase;
			buildActionMask = 2147483647;
			files = (
			);
			runOnlyForDeploymentPostprocessing = 0;
		};
/* End PBXFrameworksBuildPhase section */

/* Begin PBXGroup section */
		D085D4372B8F1A9A001A4DF7 = {
			isa = PBXGroup;
			children = (
				D085D4422B8F1A9A001A4DF7 /* Pie.swift */,
				D085D4532B8F1A9B001A4DF7 /* Pie.swiftTests */,
				D085D45D2B8F1A9B001A4DF7 /* Pie.swiftUITests */,
				D085D4412B8F1A9A001A4DF7 /* Products */,
			);
			sourceTree = "<group>";
		};
		D085D4412B8F1A9A001A4DF7 /* Products */ = {
			isa = PBXGroup;
			children = (
				D085D4402B8F1A9A001A4DF7 /* Pie.swift.app */,
				D085D4502B8F1A9B001A4DF7 /* Pie.swiftTests.xctest */,
				D085D45A2B8F1A9B001A4DF7 /* Pie.swiftUITests.xctest */,
			);
			name = Products;
			sourceTree = "<group>";
		};
		D085D4422B8F1A9A001A4DF7 /* Pie.swift */ = {
			isa = PBXGroup;
			children = (
				D085D4432B8F1A9A001A4DF7 /* Pie_swiftApp.swift */,
				D085D4452B8F1A9A001A4DF7 /* ContentView.swift */,
				D085D4472B8F1A9B001A4DF7 /* Assets.xcassets */,
				D085D4492B8F1A9B001A4DF7 /* Preview Content */,
			);
			path = Pie.swift;
			sourceTree = "<group>";
		};
		D085D4492B8F1A9B001A4DF7 /* Preview Content */ = {
			isa = PBXGroup;
			children = (
				D085D44A2B8F1A9B001A4DF7 /* Preview Assets.xcassets */,
			);
			path = "Preview Content";
			sourceTree = "<group>";
		};
		D085D4532B8F1A9B001A4DF7 /* Pie.swiftTests */ = {
			isa = PBXGroup;
			children = (
				D085D4542B8F1A9B001A4DF7 /* Pie_swiftTests.swift */,
			);
			path = Pie.swiftTests;
			sourceTree = "<group>";
		};
		D085D45D2B8F1A9B001A4DF7 /* Pie.swiftUITests */ = {
			isa = PBXGroup;
			children = (
				D085D45E2B8F1A9B001A4DF7 /* Pie_swiftUITests.swift */,
				D085D4602B8F1A9B001A4DF7 /* Pie_swiftUITestsLaunchTests.swift */,
			);
			path = Pie.swiftUITests;
			sourceTree = "<group>";
		};
/* End PBXGroup section */

/* Begin PBXNativeTarget section */
		D085D43F2B8F1A9A001A4DF7 /* Pie.swift */ = {
			isa = PBXNativeTarget;
			buildConfigurationList = D085D4642B8F1A9B001A4DF7 /* Build configuration list for PBXNativeTarget "Pie.swift" */;
			buildPhases = (
				D085D43C2B8F1A9A001A4DF7 /* Sources */,
				D085D43D2B8F1A9A001A4DF7 /* Frameworks */,
				D085D43E2B8F1A9A001A4DF7 /* Resources */,
			);
			buildRules = (
			);
			dependencies = (
			);
			name = Pie.swift;
			productName = Pie.swift;
			productReference = D085D4402B8F1A9A001A4DF7 /* Pie.swift.app */;
			productType = "com.apple.product-type.application";
		};
		D085D44F2B8F1A9B001A4DF7 /* Pie.swiftTests */ = {
			isa = PBXNativeTarget;
			buildConfigurationList = D085D4672B8F1A9B001A4DF7 /* Build configuration list for PBXNativeTarget "Pie.swiftTests" */;
			buildPhases = (
				D085D44C2B8F1A9B001A4DF7 /* Sources */,
				D085D44D2B8F1A9B001A4DF7 /* Frameworks */,
				D085D44E2B8F1A9B001A4DF7 /* Resources */,
			);
			buildRules = (
			);
			dependencies = (
				D085D4522B8F1A9B001A4DF7 /* PBXTargetDependency */,
			);
			name = Pie.swiftTests;
			productName = Pie.swiftTests;
			productReference = D085D4502B8F1A9B001A4DF7 /* Pie.swiftTests.xctest */;
			productType = "com.apple.product-type.bundle.unit-test";
		};
		D085D4592B8F1A9B001A4DF7 /* Pie.swiftUITests */ = {
			isa = PBXNativeTarget;
			buildConfigurationList = D085D46A2B8F1A9B001A4DF7 /* Build configuration list for PBXNativeTarget "Pie.swiftUITests" */;
			buildPhases = (
				D085D4562B8F1A9B001A4DF7 /* Sources */,
				D085D4572B8F1A9B001A4DF7 /* Frameworks */,
				D085D4582B8F1A9B001A4DF7 /* Resources */,
			);
			buildRules = (
			);
			dependencies = (
				D085D45C2B8F1A9B001A4DF7 /* PBXTargetDependency */,
			);
			name = Pie.swiftUITests;
			productName = Pie.swiftUITests;
			productReference = D085D45A2B8F1A9B001A4DF7 /* Pie.swiftUITests.xctest */;
			productType = "com.apple.product-type.bundle.ui-testing";
		};
/* End PBXNativeTarget section */

/* Begin PBXProject section */
		D085D4382B8F1A9A001A4DF7 /* Project object */ = {
			isa = PBXProject;
			attributes = {
				BuildIndependentTargetsInParallel = 1;
				LastSwiftUpdateCheck = 1520;
				LastUpgradeCheck = 1520;
				TargetAttributes = {
					D085D43F2B8F1A9A001A4DF7 = {
						CreatedOnToolsVersion = 15.2;
					};
					D085D44F2B8F1A9B001A4DF7 = {
						CreatedOnToolsVersion = 15.2;
						TestTargetID = D085D43F2B8F1A9A001A4DF7;
					};
					D085D4592B8F1A9B001A4DF7 = {
						CreatedOnToolsVersion = 15.2;
						TestTargetID = D085D43F2B8F1A9A001A4DF7;
					};
				};
			};
			buildConfigurationList = D085D43B2B8F1A9A001A4DF7 /* Build configuration list for PBXProject "Pie.swift" */;
			compatibilityVersion = "Xcode 14.0";
			developmentRegion = en;
			hasScannedForEncodings = 0;
			knownRegions = (
				en,
				Base,
			);
			mainGroup = D085D4372B8F1A9A001A4DF7;
			productRefGroup = D085D4412B8F1A9A001A4DF7 /* Products */;
			projectDirPath = "";
			projectRoot = "";
			targets = (
				D085D43F2B8F1A9A001A4DF7 /* Pie.swift */,
				D085D44F2B8F1A9B001A4DF7 /* Pie.swiftTests */,
				D085D4592B8F1A9B001A4DF7 /* Pie.swiftUITests */,
			);
		};
/* End PBXProject section */

/* Begin PBXResourcesBuildPhase section */
		D085D43E2B8F1A9A001A4DF7 /* Resources */ = {
			isa = PBXResourcesBuildPhase;
			buildActionMask = 2147483647;
			files = (
				D085D44B2B8F1A9B001A4DF7 /* Preview Assets.xcassets in Resources */,
				D085D4482B8F1A9B001A4DF7 /* Assets.xcassets in Resources */,
			);
			runOnlyForDeploymentPostprocessing = 0;
		};
		D085D44E2B8F1A9B001A4DF7 /* Resources */ = {
			isa = PBXResourcesBuildPhase;
			buildActionMask = 2147483647;
			files = (
			);
			runOnlyForDeploymentPostprocessing = 0;
		};
		D085D4582B8F1A9B001A4DF7 /* Resources */ = {
			isa = PBXResourcesBuildPhase;
			buildActionMask = 2147483647;
			files = (
			);
			runOnlyForDeploymentPostprocessing = 0;
		};
/* End PBXResourcesBuildPhase section */

/* Begin PBXSourcesBuildPhase section */
		D085D43C2B8F1A9A001A4DF7 /* Sources */ = {
			isa = PBXSourcesBuildPhase;
			buildActionMask = 2147483647;
			files = (
				D085D4462B8F1A9A001A4DF7 /* ContentView.swift in Sources */,
				D085D4442B8F1A9A001A4DF7 /* Pie_swiftApp.swift in Sources */,
			);
			runOnlyForDeploymentPostprocessing = 0;
		};
		D085D44C2B8F1A9B001A4DF7 /* Sources */ = {
			isa = PBXSourcesBuildPhase;
			buildActionMask = 2147483647;
			files = (
				D085D4552B8F1A9B001A4DF7 /* Pie_swiftTests.swift in Sources */,
			);
			runOnlyForDeploymentPostprocessing = 0;
		};
		D085D4562B8F1A9B001A4DF7 /* Sources */ = {
			isa = PBXSourcesBuildPhase;
			buildActionMask = 2147483647;
			files = (
				D085D45F2B8F1A9B001A4DF7 /* Pie_swiftUITests.swift in Sources */,
				D085D4612B8F1A9B001A4DF7 /* Pie_swiftUITestsLaunchTests.swift in Sources */,
			);
			runOnlyForDeploymentPostprocessing = 0;
		};
/* End PBXSourcesBuildPhase section */

/* Begin PBXTargetDependency section */
		D085D4522B8F1A9B001A4DF7 /* PBXTargetDependency */ = {
			isa = PBXTargetDependency;
			target = D085D43F2B8F1A9A001A4DF7 /* Pie.swift */;
			targetProxy = D085D4512B8F1A9B001A4DF7 /* PBXContainerItemProxy */;
		};
		D085D45C2B8F1A9B001A4DF7 /* PBXTargetDependency */ = {
			isa = PBXTargetDependency;
			target = D085D43F2B8F1A9A001A4DF7 /* Pie.swift */;
			targetProxy = D085D45B2B8F1A9B001A4DF7 /* PBXContainerItemProxy */;
		};
/* End PBXTargetDependency section */

/* Begin XCBuildConfiguration section */
		D085D4622B8F1A9B001A4DF7 /* Debug */ = {
			isa = XCBuildConfiguration;
			buildSettings = {
				ALWAYS_SEARCH_USER_PATHS = NO;
				ASSETCATALOG_COMPILER_GENERATE_SWIFT_ASSET_SYMBOL_EXTENSIONS = YES;
				CLANG_ANALYZER_NONNULL = YES;
				CLANG_ANALYZER_NUMBER_OBJECT_CONVERSION = YES_AGGRESSIVE;
				CLANG_CXX_LANGUAGE_STANDARD = "gnu++20";
				CLANG_ENABLE_MODULES = YES;
				CLANG_ENABLE_OBJC_ARC = YES;
				CLANG_ENABLE_OBJC_WEAK = YES;
				CLANG_WARN_BLOCK_CAPTURE_AUTORELEASING = YES;
				CLANG_WARN_BOOL_CONVERSION = YES;
				CLANG_WARN_COMMA = YES;
				CLANG_WARN_CONSTANT_CONVERSION = YES;
				CLANG_WARN_DEPRECATED_OBJC_IMPLEMENTATIONS = YES;
				CLANG_WARN_DIRECT_OBJC_ISA_USAGE = YES_ERROR;
				CLANG_WARN_DOCUMENTATION_COMMENTS = YES;
				CLANG_WARN_EMPTY_BODY = YES;
				CLANG_WARN_ENUM_CONVERSION = YES;
				CLANG_WARN_INFINITE_RECURSION = YES;
				CLANG_WARN_INT_CONVERSION = YES;
				CLANG_WARN_NON_LITERAL_NULL_CONVERSION = YES;
				CLANG_WARN_OBJC_IMPLICIT_RETAIN_SELF = YES;
				CLANG_WARN_OBJC_LITERAL_CONVERSION = YES;
				CLANG_WARN_OBJC_ROOT_CLASS = YES_ERROR;
				CLANG_WARN_QUOTED_INCLUDE_IN_FRAMEWORK_HEADER = YES;
				CLANG_WARN_RANGE_LOOP_ANALYSIS = YES;
				CLANG_WARN_STRICT_PROTOTYPES = YES;
				CLANG_WARN_SUSPICIOUS_MOVE = YES;
				CLANG_WARN_UNGUARDED_AVAILABILITY = YES_AGGRESSIVE;
				CLANG_WARN_UNREACHABLE_CODE = YES;
				CLANG_WARN__DUPLICATE_METHOD_MATCH = YES;
				COPY_PHASE_STRIP = NO;
				DEBUG_INFORMATION_FORMAT = dwarf;
				ENABLE_STRICT_OBJC_MSGSEND = YES;
				ENABLE_TESTABILITY = YES;
				ENABLE_USER_SCRIPT_SANDBOXING = YES;
				GCC_C_LANGUAGE_STANDARD = gnu17;
				GCC_DYNAMIC_NO_PIC = NO;
				GCC_NO_COMMON_BLOCKS = YES;
				GCC_OPTIMIZATION_LEVEL = 0;
				GCC_PREPROCESSOR_DEFINITIONS = (
					"DEBUG=1",
					"$(inherited)",
				);
				GCC_WARN_64_TO_32_BIT_CONVERSION = YES;
				GCC_WARN_ABOUT_RETURN_TYPE = YES_ERROR;
				GCC_WARN_UNDECLARED_SELECTOR = YES;
				GCC_WARN_UNINITIALIZED_AUTOS = YES_AGGRESSIVE;
				GCC_WARN_UNUSED_FUNCTION = YES;
				GCC_WARN_UNUSED_VARIABLE = YES;
				IPHONEOS_DEPLOYMENT_TARGET = 17.2;
				LOCALIZATION_PREFERS_STRING_CATALOGS = YES;
				MTL_ENABLE_DEBUG_INFO = INCLUDE_SOURCE;
				MTL_FAST_MATH = YES;
				ONLY_ACTIVE_ARCH = YES;
				SDKROOT = iphoneos;
				SWIFT_ACTIVE_COMPILATION_CONDITIONS = "DEBUG $(inherited)";
				SWIFT_OPTIMIZATION_LEVEL = "-Onone";
			};
			name = Debug;
		};
		D085D4632B8F1A9B001A4DF7 /* Release */ = {
			isa = XCBuildConfiguration;
			buildSettings = {
				ALWAYS_SEARCH_USER_PATHS = NO;
				ASSETCATALOG_COMPILER_GENERATE_SWIFT_ASSET_SYMBOL_EXTENSIONS = YES;
				CLANG_ANALYZER_NONNULL = YES;
				CLANG_ANALYZER_NUMBER_OBJECT_CONVERSION = YES_AGGRESSIVE;
				CLANG_CXX_LANGUAGE_STANDARD = "gnu++20";
				CLANG_ENABLE_MODULES = YES;
				CLANG_ENABLE_OBJC_ARC = YES;
				CLANG_ENABLE_OBJC_WEAK = YES;
				CLANG_WARN_BLOCK_CAPTURE_AUTORELEASING = YES;
				CLANG_WARN_BOOL_CONVERSION = YES;
				CLANG_WARN_COMMA = YES;
				CLANG_WARN_CONSTANT_CONVERSION = YES;
				CLANG_WARN_DEPRECATED_OBJC_IMPLEMENTATIONS = YES;
				CLANG_WARN_DIRECT_OBJC_ISA_USAGE = YES_ERROR;
				CLANG_WARN_DOCUMENTATION_COMMENTS = YES;
				CLANG_WARN_EMPTY_BODY = YES;
				CLANG_WARN_ENUM_CONVERSION = YES;
				CLANG_WARN_INFINITE_RECURSION = YES;
				CLANG_WARN_INT_CONVERSION = YES;
				CLANG_WARN_NON_LITERAL_NULL_CONVERSION = YES;
				CLANG_WARN_OBJC_IMPLICIT_RETAIN_SELF = YES;
				CLANG_WARN_OBJC_LITERAL_CONVERSION = YES;
				CLANG_WARN_OBJC_ROOT_CLASS = YES_ERROR;
				CLANG_WARN_QUOTED_INCLUDE_IN_FRAMEWORK_HEADER = YES;
				CLANG_WARN_RANGE_LOOP_ANALYSIS = YES;
				CLANG_WARN_STRICT_PROTOTYPES = YES;
				CLANG_WARN_SUSPICIOUS_MOVE = YES;
				CLANG_WARN_UNGUARDED_AVAILABILITY = YES_AGGRESSIVE;
				CLANG_WARN_UNREACHABLE_CODE = YES;
				CLANG_WARN__DUPLICATE_METHOD_MATCH = YES;
				COPY_PHASE_STRIP = NO;
				DEBUG_INFORMATION_FORMAT = "dwarf-with-dsym";
				ENABLE_NS_ASSERTIONS = NO;
				ENABLE_STRICT_OBJC_MSGSEND = YES;
				ENABLE_USER_SCRIPT_SANDBOXING = YES;
				GCC_C_LANGUAGE_STANDARD = gnu17;
				GCC_NO_COMMON_BLOCKS = YES;
				GCC_WARN_64_TO_32_BIT_CONVERSION = YES;
				GCC_WARN_ABOUT_RETURN_TYPE = YES_ERROR;
				GCC_WARN_UNDECLARED_SELECTOR = YES;
				GCC_WARN_UNINITIALIZED_AUTOS = YES_AGGRESSIVE;
				GCC_WARN_UNUSED_FUNCTION = YES;
				GCC_WARN_UNUSED_VARIABLE = YES;
				IPHONEOS_DEPLOYMENT_TARGET = 17.2;
				LOCALIZATION_PREFERS_STRING_CATALOGS = YES;
				MTL_ENABLE_DEBUG_INFO = NO;
				MTL_FAST_MATH = YES;
				SDKROOT = iphoneos;
				SWIFT_COMPILATION_MODE = wholemodule;
				VALIDATE_PRODUCT = YES;
			};
			name = Release;
		};
		D085D4652B8F1A9B001A4DF7 /* Debug */ = {
			isa = XCBuildConfiguration;
			buildSettings = {
				ASSETCATALOG_COMPILER_APPICON_NAME = AppIcon;
				ASSETCATALOG_COMPILER_GLOBAL_ACCENT_COLOR_NAME = AccentColor;
				CODE_SIGN_STYLE = Automatic;
				CURRENT_PROJECT_VERSION = 1;
				DEVELOPMENT_ASSET_PATHS = "\"Pie.swift/Preview Content\"";
				DEVELOPMENT_TEAM = VVQ9J45SJ2;
				ENABLE_PREVIEWS = YES;
				GENERATE_INFOPLIST_FILE = YES;
				INFOPLIST_KEY_UIApplicationSceneManifest_Generation = YES;
				INFOPLIST_KEY_UIApplicationSupportsIndirectInputEvents = YES;
				INFOPLIST_KEY_UILaunchScreen_Generation = YES;
				INFOPLIST_KEY_UISupportedInterfaceOrientations_iPad = "UIInterfaceOrientationPortrait UIInterfaceOrientationPortraitUpsideDown UIInterfaceOrientationLandscapeLeft UIInterfaceOrientationLandscapeRight";
				INFOPLIST_KEY_UISupportedInterfaceOrientations_iPhone = "UIInterfaceOrientationPortrait UIInterfaceOrientationLandscapeLeft UIInterfaceOrientationLandscapeRight";
				LD_RUNPATH_SEARCH_PATHS = (
					"$(inherited)",
					"@executable_path/Frameworks",
				);
				MARKETING_VERSION = 1.0;
				PRODUCT_BUNDLE_IDENTIFIER = "dev.swapnil-roy.Pie-swift";
				PRODUCT_NAME = "$(TARGET_NAME)";
				SWIFT_EMIT_LOC_STRINGS = YES;
				SWIFT_VERSION = 5.0;
				TARGETED_DEVICE_FAMILY = "1,2";
			};
			name = Debug;
		};
		D085D4662B8F1A9B001A4DF7 /* Release */ = {
			isa = XCBuildConfiguration;
			buildSettings = {
				ASSETCATALOG_COMPILER_APPICON_NAME = AppIcon;
				ASSETCATALOG_COMPILER_GLOBAL_ACCENT_COLOR_NAME = AccentColor;
				CODE_SIGN_STYLE = Automatic;
				CURRENT_PROJECT_VERSION = 1;
				DEVELOPMENT_ASSET_PATHS = "\"Pie.swift/Preview Content\"";
				DEVELOPMENT_TEAM = VVQ9J45SJ2;
				ENABLE_PREVIEWS = YES;
				GENERATE_INFOPLIST_FILE = YES;
				INFOPLIST_KEY_UIApplicationSceneManifest_Generation = YES;
				INFOPLIST_KEY_UIApplicationSupportsIndirectInputEvents = YES;
				INFOPLIST_KEY_UILaunchScreen_Generation = YES;
				INFOPLIST_KEY_UISupportedInterfaceOrientations_iPad = "UIInterfaceOrientationPortrait UIInterfaceOrientationPortraitUpsideDown UIInterfaceOrientationLandscapeLeft UIInterfaceOrientationLandscapeRight";
				INFOPLIST_KEY_UISupportedInterfaceOrientations_iPhone = "UIInterfaceOrientationPortrait UIInterfaceOrientationLandscapeLeft UIInterfaceOrientationLandscapeRight";
				LD_RUNPATH_SEARCH_PATHS = (
					"$(inherited)",
					"@executable_path/Frameworks",
				);
				MARKETING_VERSION = 1.0;
				PRODUCT_BUNDLE_IDENTIFIER = "dev.swapnil-roy.Pie-swift";
				PRODUCT_NAME = "$(TARGET_NAME)";
				SWIFT_EMIT_LOC_STRINGS = YES;
				SWIFT_VERSION = 5.0;
				TARGETED_DEVICE_FAMILY = "1,2";
			};
			name = Release;
		};
		D085D4682B8F1A9B001A4DF7 /* Debug */ = {
			isa = XCBuildConfiguration;
			buildSettings = {
				ALWAYS_EMBED_SWIFT_STANDARD_LIBRARIES = YES;
				BUNDLE_LOADER = "$(TEST_HOST)";
				CODE_SIGN_STYLE = Automatic;
				CURRENT_PROJECT_VERSION = 1;
				DEVELOPMENT_TEAM = VVQ9J45SJ2;
				GENERATE_INFOPLIST_FILE = YES;
				IPHONEOS_DEPLOYMENT_TARGET = 17.2;
				MARKETING_VERSION = 1.0;
				PRODUCT_BUNDLE_IDENTIFIER = "dev.swapnil-roy.Pie-swiftTests";
				PRODUCT_NAME = "$(TARGET_NAME)";
				SWIFT_EMIT_LOC_STRINGS = NO;
				SWIFT_VERSION = 5.0;
				TARGETED_DEVICE_FAMILY = "1,2";
				TEST_HOST = "$(BUILT_PRODUCTS_DIR)/Pie.swift.app/$(BUNDLE_EXECUTABLE_FOLDER_PATH)/Pie.swift";
			};
			name = Debug;
		};
		D085D4692B8F1A9B001A4DF7 /* Release */ = {
			isa = XCBuildConfiguration;
			buildSettings = {
				ALWAYS_EMBED_SWIFT_STANDARD_LIBRARIES = YES;
				BUNDLE_LOADER = "$(TEST_HOST)";
				CODE_SIGN_STYLE = Automatic;
				CURRENT_PROJECT_VERSION = 1;
				DEVELOPMENT_TEAM = VVQ9J45SJ2;
				GENERATE_INFOPLIST_FILE = YES;
				IPHONEOS_DEPLOYMENT_TARGET = 17.2;
				MARKETING_VERSION = 1.0;
				PRODUCT_BUNDLE_IDENTIFIER = "dev.swapnil-roy.Pie-swiftTests";
				PRODUCT_NAME = "$(TARGET_NAME)";
				SWIFT_EMIT_LOC_STRINGS = NO;
				SWIFT_VERSION = 5.0;
				TARGETED_DEVICE_FAMILY = "1,2";
				TEST_HOST = "$(BUILT_PRODUCTS_DIR)/Pie.swift.app/$(BUNDLE_EXECUTABLE_FOLDER_PATH)/Pie.swift";
			};
			name = Release;
		};
		D085D46B2B8F1A9B001A4DF7 /* Debug */ = {
			isa = XCBuildConfiguration;
			buildSettings = {
				ALWAYS_EMBED_SWIFT_STANDARD_LIBRARIES = YES;
				CODE_SIGN_STYLE = Automatic;
				CURRENT_PROJECT_VERSION = 1;
				DEVELOPMENT_TEAM = VVQ9J45SJ2;
				GENERATE_INFOPLIST_FILE = YES;
				MARKETING_VERSION = 1.0;
				PRODUCT_BUNDLE_IDENTIFIER = "dev.swapnil-roy.Pie-swiftUITests";
				PRODUCT_NAME = "$(TARGET_NAME)";
				SWIFT_EMIT_LOC_STRINGS = NO;
				SWIFT_VERSION = 5.0;
				TARGETED_DEVICE_FAMILY = "1,2";
				TEST_TARGET_NAME = Pie.swift;
			};
			name = Debug;
		};
		D085D46C2B8F1A9B001A4DF7 /* Release */ = {
			isa = XCBuildConfiguration;
			buildSettings = {
				ALWAYS_EMBED_SWIFT_STANDARD_LIBRARIES = YES;
				CODE_SIGN_STYLE = Automatic;
				CURRENT_PROJECT_VERSION = 1;
				DEVELOPMENT_TEAM = VVQ9J45SJ2;
				GENERATE_INFOPLIST_FILE = YES;
				MARKETING_VERSION = 1.0;
				PRODUCT_BUNDLE_IDENTIFIER = "dev.swapnil-roy.Pie-swiftUITests";
				PRODUCT_NAME = "$(TARGET_NAME)";
				SWIFT_EMIT_LOC_STRINGS = NO;
				SWIFT_VERSION = 5.0;
				TARGETED_DEVICE_FAMILY = "1,2";
				TEST_TARGET_NAME = Pie.swift;
			};
			name = Release;
		};
/* End XCBuildConfiguration section */

/* Begin XCConfigurationList section */
		D085D43B2B8F1A9A001A4DF7 /* Build configuration list for PBXProject "Pie.swift" */ = {
			isa = XCConfigurationList;
			buildConfigurations = (
				D085D4622B8F1A9B001A4DF7 /* Debug */,
				D085D4632B8F1A9B001A4DF7 /* Release */,
			);
			defaultConfigurationIsVisible = 0;
			defaultConfigurationName = Release;
		};
		D085D4642B8F1A9B001A4DF7 /* Build configuration list for PBXNativeTarget "Pie.swift" */ = {
			isa = XCConfigurationList;
			buildConfigurations = (
				D085D4652B8F1A9B001A4DF7 /* Debug */,
				D085D4662B8F1A9B001A4DF7 /* Release */,
			);
			defaultConfigurationIsVisible = 0;
			defaultConfigurationName = Release;
		};
		D085D4672B8F1A9B001A4DF7 /* Build configuration list for PBXNativeTarget "Pie.swiftTests" */ = {
			isa = XCConfigurationList;
			buildConfigurations = (
				D085D4682B8F1A9B001A4DF7 /* Debug */,
				D085D4692B8F1A9B001A4DF7 /* Release */,
			);
			defaultConfigurationIsVisible = 0;
			defaultConfigurationName = Release;
		};
		D085D46A2B8F1A9B001A4DF7 /* Build configuration list for PBXNativeTarget "Pie.swiftUITests" */ = {
			isa = XCConfigurationList;
			buildConfigurations = (
				D085D46B2B8F1A9B001A4DF7 /* Debug */,
				D085D46C2B8F1A9B001A4DF7 /* Release */,
			);
			defaultConfigurationIsVisible = 0;
			defaultConfigurationName = Release;
		};
/* End XCConfigurationList section */
	};
	rootObject = D085D4382B8F1A9A001A4DF7 /* Project object */;
}
