// !$*UTF8*$!
{
	archiveVersion = 1;
	classes = {
	};
	objectVersion = 56;
	objects = {

/* Begin PBXBuildFile section */
		D08ACC022B67F70B0079DD7F /* SwiftUIStacksApp.swift in Sources */ = {isa = PBXBuildFile; fileRef = D08ACC012B67F70B0079DD7F /* SwiftUIStacksApp.swift */; };
		D08ACC042B67F70B0079DD7F /* ContentView.swift in Sources */ = {isa = PBXBuildFile; fileRef = D08ACC032B67F70B0079DD7F /* ContentView.swift */; };
		D08ACC062B67F70C0079DD7F /* Assets.xcassets in Resources */ = {isa = PBXBuildFile; fileRef = D08ACC052B67F70C0079DD7F /* Assets.xcassets */; };
		D08ACC092B67F70C0079DD7F /* Preview Assets.xcassets in Resources */ = {isa = PBXBuildFile; fileRef = D08ACC082B67F70C0079DD7F /* Preview Assets.xcassets */; };
		D08ACC132B67F70C0079DD7F /* SwiftUIStacksTests.swift in Sources */ = {isa = PBXBuildFile; fileRef = D08ACC122B67F70C0079DD7F /* SwiftUIStacksTests.swift */; };
		D08ACC1D2B67F70C0079DD7F /* SwiftUIStacksUITests.swift in Sources */ = {isa = PBXBuildFile; fileRef = D08ACC1C2B67F70C0079DD7F /* SwiftUIStacksUITests.swift */; };
		D08ACC1F2B67F70C0079DD7F /* SwiftUIStacksUITestsLaunchTests.swift in Sources */ = {isa = PBXBuildFile; fileRef = D08ACC1E2B67F70C0079DD7F /* SwiftUIStacksUITestsLaunchTests.swift */; };
/* End PBXBuildFile section */

/* Begin PBXContainerItemProxy section */
		D08ACC0F2B67F70C0079DD7F /* PBXContainerItemProxy */ = {
			isa = PBXContainerItemProxy;
			containerPortal = D08ACBF62B67F70B0079DD7F /* Project object */;
			proxyType = 1;
			remoteGlobalIDString = D08ACBFD2B67F70B0079DD7F;
			remoteInfo = SwiftUIStacks;
		};
		D08ACC192B67F70C0079DD7F /* PBXContainerItemProxy */ = {
			isa = PBXContainerItemProxy;
			containerPortal = D08ACBF62B67F70B0079DD7F /* Project object */;
			proxyType = 1;
			remoteGlobalIDString = D08ACBFD2B67F70B0079DD7F;
			remoteInfo = SwiftUIStacks;
		};
/* End PBXContainerItemProxy section */

/* Begin PBXFileReference section */
		D08ACBFE2B67F70B0079DD7F /* SwiftUIStacks.app */ = {isa = PBXFileReference; explicitFileType = wrapper.application; includeInIndex = 0; path = SwiftUIStacks.app; sourceTree = BUILT_PRODUCTS_DIR; };
		D08ACC012B67F70B0079DD7F /* SwiftUIStacksApp.swift */ = {isa = PBXFileReference; lastKnownFileType = sourcecode.swift; path = SwiftUIStacksApp.swift; sourceTree = "<group>"; };
		D08ACC032B67F70B0079DD7F /* ContentView.swift */ = {isa = PBXFileReference; lastKnownFileType = sourcecode.swift; path = ContentView.swift; sourceTree = "<group>"; };
		D08ACC052B67F70C0079DD7F /* Assets.xcassets */ = {isa = PBXFileReference; lastKnownFileType = folder.assetcatalog; path = Assets.xcassets; sourceTree = "<group>"; };
		D08ACC082B67F70C0079DD7F /* Preview Assets.xcassets */ = {isa = PBXFileReference; lastKnownFileType = folder.assetcatalog; path = "Preview Assets.xcassets"; sourceTree = "<group>"; };
		D08ACC0E2B67F70C0079DD7F /* SwiftUIStacksTests.xctest */ = {isa = PBXFileReference; explicitFileType = wrapper.cfbundle; includeInIndex = 0; path = SwiftUIStacksTests.xctest; sourceTree = BUILT_PRODUCTS_DIR; };
		D08ACC122B67F70C0079DD7F /* SwiftUIStacksTests.swift */ = {isa = PBXFileReference; lastKnownFileType = sourcecode.swift; path = SwiftUIStacksTests.swift; sourceTree = "<group>"; };
		D08ACC182B67F70C0079DD7F /* SwiftUIStacksUITests.xctest */ = {isa = PBXFileReference; explicitFileType = wrapper.cfbundle; includeInIndex = 0; path = SwiftUIStacksUITests.xctest; sourceTree = BUILT_PRODUCTS_DIR; };
		D08ACC1C2B67F70C0079DD7F /* SwiftUIStacksUITests.swift */ = {isa = PBXFileReference; lastKnownFileType = sourcecode.swift; path = SwiftUIStacksUITests.swift; sourceTree = "<group>"; };
		D08ACC1E2B67F70C0079DD7F /* SwiftUIStacksUITestsLaunchTests.swift */ = {isa = PBXFileReference; lastKnownFileType = sourcecode.swift; path = SwiftUIStacksUITestsLaunchTests.swift; sourceTree = "<group>"; };
/* End PBXFileReference section */

/* Begin PBXFrameworksBuildPhase section */
		D08ACBFB2B67F70B0079DD7F /* Frameworks */ = {
			isa = PBXFrameworksBuildPhase;
			buildActionMask = 2147483647;
			files = (
			);
			runOnlyForDeploymentPostprocessing = 0;
		};
		D08ACC0B2B67F70C0079DD7F /* Frameworks */ = {
			isa = PBXFrameworksBuildPhase;
			buildActionMask = 2147483647;
			files = (
			);
			runOnlyForDeploymentPostprocessing = 0;
		};
		D08ACC152B67F70C0079DD7F /* Frameworks */ = {
			isa = PBXFrameworksBuildPhase;
			buildActionMask = 2147483647;
			files = (
			);
			runOnlyForDeploymentPostprocessing = 0;
		};
/* End PBXFrameworksBuildPhase section */

/* Begin PBXGroup section */
		D08ACBF52B67F70B0079DD7F = {
			isa = PBXGroup;
			children = (
				D08ACC002B67F70B0079DD7F /* SwiftUIStacks */,
				D08ACC112B67F70C0079DD7F /* SwiftUIStacksTests */,
				D08ACC1B2B67F70C0079DD7F /* SwiftUIStacksUITests */,
				D08ACBFF2B67F70B0079DD7F /* Products */,
			);
			sourceTree = "<group>";
		};
		D08ACBFF2B67F70B0079DD7F /* Products */ = {
			isa = PBXGroup;
			children = (
				D08ACBFE2B67F70B0079DD7F /* SwiftUIStacks.app */,
				D08ACC0E2B67F70C0079DD7F /* SwiftUIStacksTests.xctest */,
				D08ACC182B67F70C0079DD7F /* SwiftUIStacksUITests.xctest */,
			);
			name = Products;
			sourceTree = "<group>";
		};
		D08ACC002B67F70B0079DD7F /* SwiftUIStacks */ = {
			isa = PBXGroup;
			children = (
				D08ACC012B67F70B0079DD7F /* SwiftUIStacksApp.swift */,
				D08ACC032B67F70B0079DD7F /* ContentView.swift */,
				D08ACC052B67F70C0079DD7F /* Assets.xcassets */,
				D08ACC072B67F70C0079DD7F /* Preview Content */,
			);
			path = SwiftUIStacks;
			sourceTree = "<group>";
		};
		D08ACC072B67F70C0079DD7F /* Preview Content */ = {
			isa = PBXGroup;
			children = (
				D08ACC082B67F70C0079DD7F /* Preview Assets.xcassets */,
			);
			path = "Preview Content";
			sourceTree = "<group>";
		};
		D08ACC112B67F70C0079DD7F /* SwiftUIStacksTests */ = {
			isa = PBXGroup;
			children = (
				D08ACC122B67F70C0079DD7F /* SwiftUIStacksTests.swift */,
			);
			path = SwiftUIStacksTests;
			sourceTree = "<group>";
		};
		D08ACC1B2B67F70C0079DD7F /* SwiftUIStacksUITests */ = {
			isa = PBXGroup;
			children = (
				D08ACC1C2B67F70C0079DD7F /* SwiftUIStacksUITests.swift */,
				D08ACC1E2B67F70C0079DD7F /* SwiftUIStacksUITestsLaunchTests.swift */,
			);
			path = SwiftUIStacksUITests;
			sourceTree = "<group>";
		};
/* End PBXGroup section */

/* Begin PBXNativeTarget section */
		D08ACBFD2B67F70B0079DD7F /* SwiftUIStacks */ = {
			isa = PBXNativeTarget;
			buildConfigurationList = D08ACC222B67F70C0079DD7F /* Build configuration list for PBXNativeTarget "SwiftUIStacks" */;
			buildPhases = (
				D08ACBFA2B67F70B0079DD7F /* Sources */,
				D08ACBFB2B67F70B0079DD7F /* Frameworks */,
				D08ACBFC2B67F70B0079DD7F /* Resources */,
			);
			buildRules = (
			);
			dependencies = (
			);
			name = SwiftUIStacks;
			productName = SwiftUIStacks;
			productReference = D08ACBFE2B67F70B0079DD7F /* SwiftUIStacks.app */;
			productType = "com.apple.product-type.application";
		};
		D08ACC0D2B67F70C0079DD7F /* SwiftUIStacksTests */ = {
			isa = PBXNativeTarget;
			buildConfigurationList = D08ACC252B67F70C0079DD7F /* Build configuration list for PBXNativeTarget "SwiftUIStacksTests" */;
			buildPhases = (
				D08ACC0A2B67F70C0079DD7F /* Sources */,
				D08ACC0B2B67F70C0079DD7F /* Frameworks */,
				D08ACC0C2B67F70C0079DD7F /* Resources */,
			);
			buildRules = (
			);
			dependencies = (
				D08ACC102B67F70C0079DD7F /* PBXTargetDependency */,
			);
			name = SwiftUIStacksTests;
			productName = SwiftUIStacksTests;
			productReference = D08ACC0E2B67F70C0079DD7F /* SwiftUIStacksTests.xctest */;
			productType = "com.apple.product-type.bundle.unit-test";
		};
		D08ACC172B67F70C0079DD7F /* SwiftUIStacksUITests */ = {
			isa = PBXNativeTarget;
			buildConfigurationList = D08ACC282B67F70C0079DD7F /* Build configuration list for PBXNativeTarget "SwiftUIStacksUITests" */;
			buildPhases = (
				D08ACC142B67F70C0079DD7F /* Sources */,
				D08ACC152B67F70C0079DD7F /* Frameworks */,
				D08ACC162B67F70C0079DD7F /* Resources */,
			);
			buildRules = (
			);
			dependencies = (
				D08ACC1A2B67F70C0079DD7F /* PBXTargetDependency */,
			);
			name = SwiftUIStacksUITests;
			productName = SwiftUIStacksUITests;
			productReference = D08ACC182B67F70C0079DD7F /* SwiftUIStacksUITests.xctest */;
			productType = "com.apple.product-type.bundle.ui-testing";
		};
/* End PBXNativeTarget section */

/* Begin PBXProject section */
		D08ACBF62B67F70B0079DD7F /* Project object */ = {
			isa = PBXProject;
			attributes = {
				BuildIndependentTargetsInParallel = 1;
				LastSwiftUpdateCheck = 1520;
				LastUpgradeCheck = 1520;
				TargetAttributes = {
					D08ACBFD2B67F70B0079DD7F = {
						CreatedOnToolsVersion = 15.2;
					};
					D08ACC0D2B67F70C0079DD7F = {
						CreatedOnToolsVersion = 15.2;
						TestTargetID = D08ACBFD2B67F70B0079DD7F;
					};
					D08ACC172B67F70C0079DD7F = {
						CreatedOnToolsVersion = 15.2;
						TestTargetID = D08ACBFD2B67F70B0079DD7F;
					};
				};
			};
			buildConfigurationList = D08ACBF92B67F70B0079DD7F /* Build configuration list for PBXProject "SwiftUIStacks" */;
			compatibilityVersion = "Xcode 14.0";
			developmentRegion = en;
			hasScannedForEncodings = 0;
			knownRegions = (
				en,
				Base,
			);
			mainGroup = D08ACBF52B67F70B0079DD7F;
			productRefGroup = D08ACBFF2B67F70B0079DD7F /* Products */;
			projectDirPath = "";
			projectRoot = "";
			targets = (
				D08ACBFD2B67F70B0079DD7F /* SwiftUIStacks */,
				D08ACC0D2B67F70C0079DD7F /* SwiftUIStacksTests */,
				D08ACC172B67F70C0079DD7F /* SwiftUIStacksUITests */,
			);
		};
/* End PBXProject section */

/* Begin PBXResourcesBuildPhase section */
		D08ACBFC2B67F70B0079DD7F /* Resources */ = {
			isa = PBXResourcesBuildPhase;
			buildActionMask = 2147483647;
			files = (
				D08ACC092B67F70C0079DD7F /* Preview Assets.xcassets in Resources */,
				D08ACC062B67F70C0079DD7F /* Assets.xcassets in Resources */,
			);
			runOnlyForDeploymentPostprocessing = 0;
		};
		D08ACC0C2B67F70C0079DD7F /* Resources */ = {
			isa = PBXResourcesBuildPhase;
			buildActionMask = 2147483647;
			files = (
			);
			runOnlyForDeploymentPostprocessing = 0;
		};
		D08ACC162B67F70C0079DD7F /* Resources */ = {
			isa = PBXResourcesBuildPhase;
			buildActionMask = 2147483647;
			files = (
			);
			runOnlyForDeploymentPostprocessing = 0;
		};
/* End PBXResourcesBuildPhase section */

/* Begin PBXSourcesBuildPhase section */
		D08ACBFA2B67F70B0079DD7F /* Sources */ = {
			isa = PBXSourcesBuildPhase;
			buildActionMask = 2147483647;
			files = (
				D08ACC042B67F70B0079DD7F /* ContentView.swift in Sources */,
				D08ACC022B67F70B0079DD7F /* SwiftUIStacksApp.swift in Sources */,
			);
			runOnlyForDeploymentPostprocessing = 0;
		};
		D08ACC0A2B67F70C0079DD7F /* Sources */ = {
			isa = PBXSourcesBuildPhase;
			buildActionMask = 2147483647;
			files = (
				D08ACC132B67F70C0079DD7F /* SwiftUIStacksTests.swift in Sources */,
			);
			runOnlyForDeploymentPostprocessing = 0;
		};
		D08ACC142B67F70C0079DD7F /* Sources */ = {
			isa = PBXSourcesBuildPhase;
			buildActionMask = 2147483647;
			files = (
				D08ACC1D2B67F70C0079DD7F /* SwiftUIStacksUITests.swift in Sources */,
				D08ACC1F2B67F70C0079DD7F /* SwiftUIStacksUITestsLaunchTests.swift in Sources */,
			);
			runOnlyForDeploymentPostprocessing = 0;
		};
/* End PBXSourcesBuildPhase section */

/* Begin PBXTargetDependency section */
		D08ACC102B67F70C0079DD7F /* PBXTargetDependency */ = {
			isa = PBXTargetDependency;
			target = D08ACBFD2B67F70B0079DD7F /* SwiftUIStacks */;
			targetProxy = D08ACC0F2B67F70C0079DD7F /* PBXContainerItemProxy */;
		};
		D08ACC1A2B67F70C0079DD7F /* PBXTargetDependency */ = {
			isa = PBXTargetDependency;
			target = D08ACBFD2B67F70B0079DD7F /* SwiftUIStacks */;
			targetProxy = D08ACC192B67F70C0079DD7F /* PBXContainerItemProxy */;
		};
/* End PBXTargetDependency section */

/* Begin XCBuildConfiguration section */
		D08ACC202B67F70C0079DD7F /* Debug */ = {
			isa = XCBuildConfiguration;
			buildSettings = {
				ALWAYS_SEARCH_USER_PATHS = NO;
				ASSETCATALOG_COMPILER_GENERATE_SWIFT_ASSET_SYMBOL_EXTENSIONS = YES;
				CLANG_ANALYZER_NONNULL = YES;
				CLANG_ANALYZER_NUMBER_OBJECT_CONVERSION = YES_AGGRESSIVE;
				CLANG_CXX_LANGUAGE_STANDARD = "gnu++20";
				CLANG_ENABLE_MODULES = YES;
				CLANG_ENABLE_OBJC_ARC = YES;
				CLANG_ENABLE_OBJC_WEAK = YES;
				CLANG_WARN_BLOCK_CAPTURE_AUTORELEASING = YES;
				CLANG_WARN_BOOL_CONVERSION = YES;
				CLANG_WARN_COMMA = YES;
				CLANG_WARN_CONSTANT_CONVERSION = YES;
				CLANG_WARN_DEPRECATED_OBJC_IMPLEMENTATIONS = YES;
				CLANG_WARN_DIRECT_OBJC_ISA_USAGE = YES_ERROR;
				CLANG_WARN_DOCUMENTATION_COMMENTS = YES;
				CLANG_WARN_EMPTY_BODY = YES;
				CLANG_WARN_ENUM_CONVERSION = YES;
				CLANG_WARN_INFINITE_RECURSION = YES;
				CLANG_WARN_INT_CONVERSION = YES;
				CLANG_WARN_NON_LITERAL_NULL_CONVERSION = YES;
				CLANG_WARN_OBJC_IMPLICIT_RETAIN_SELF = YES;
				CLANG_WARN_OBJC_LITERAL_CONVERSION = YES;
				CLANG_WARN_OBJC_ROOT_CLASS = YES_ERROR;
				CLANG_WARN_QUOTED_INCLUDE_IN_FRAMEWORK_HEADER = YES;
				CLANG_WARN_RANGE_LOOP_ANALYSIS = YES;
				CLANG_WARN_STRICT_PROTOTYPES = YES;
				CLANG_WARN_SUSPICIOUS_MOVE = YES;
				CLANG_WARN_UNGUARDED_AVAILABILITY = YES_AGGRESSIVE;
				CLANG_WARN_UNREACHABLE_CODE = YES;
				CLANG_WARN__DUPLICATE_METHOD_MATCH = YES;
				COPY_PHASE_STRIP = NO;
				DEBUG_INFORMATION_FORMAT = dwarf;
				ENABLE_STRICT_OBJC_MSGSEND = YES;
				ENABLE_TESTABILITY = YES;
				ENABLE_USER_SCRIPT_SANDBOXING = YES;
				GCC_C_LANGUAGE_STANDARD = gnu17;
				GCC_DYNAMIC_NO_PIC = NO;
				GCC_NO_COMMON_BLOCKS = YES;
				GCC_OPTIMIZATION_LEVEL = 0;
				GCC_PREPROCESSOR_DEFINITIONS = (
					"DEBUG=1",
					"$(inherited)",
				);
				GCC_WARN_64_TO_32_BIT_CONVERSION = YES;
				GCC_WARN_ABOUT_RETURN_TYPE = YES_ERROR;
				GCC_WARN_UNDECLARED_SELECTOR = YES;
				GCC_WARN_UNINITIALIZED_AUTOS = YES_AGGRESSIVE;
				GCC_WARN_UNUSED_FUNCTION = YES;
				GCC_WARN_UNUSED_VARIABLE = YES;
				IPHONEOS_DEPLOYMENT_TARGET = 17.2;
				LOCALIZATION_PREFERS_STRING_CATALOGS = YES;
				MTL_ENABLE_DEBUG_INFO = INCLUDE_SOURCE;
				MTL_FAST_MATH = YES;
				ONLY_ACTIVE_ARCH = YES;
				SDKROOT = iphoneos;
				SWIFT_ACTIVE_COMPILATION_CONDITIONS = "DEBUG $(inherited)";
				SWIFT_OPTIMIZATION_LEVEL = "-Onone";
			};
			name = Debug;
		};
		D08ACC212B67F70C0079DD7F /* Release */ = {
			isa = XCBuildConfiguration;
			buildSettings = {
				ALWAYS_SEARCH_USER_PATHS = NO;
				ASSETCATALOG_COMPILER_GENERATE_SWIFT_ASSET_SYMBOL_EXTENSIONS = YES;
				CLANG_ANALYZER_NONNULL = YES;
				CLANG_ANALYZER_NUMBER_OBJECT_CONVERSION = YES_AGGRESSIVE;
				CLANG_CXX_LANGUAGE_STANDARD = "gnu++20";
				CLANG_ENABLE_MODULES = YES;
				CLANG_ENABLE_OBJC_ARC = YES;
				CLANG_ENABLE_OBJC_WEAK = YES;
				CLANG_WARN_BLOCK_CAPTURE_AUTORELEASING = YES;
				CLANG_WARN_BOOL_CONVERSION = YES;
				CLANG_WARN_COMMA = YES;
				CLANG_WARN_CONSTANT_CONVERSION = YES;
				CLANG_WARN_DEPRECATED_OBJC_IMPLEMENTATIONS = YES;
				CLANG_WARN_DIRECT_OBJC_ISA_USAGE = YES_ERROR;
				CLANG_WARN_DOCUMENTATION_COMMENTS = YES;
				CLANG_WARN_EMPTY_BODY = YES;
				CLANG_WARN_ENUM_CONVERSION = YES;
				CLANG_WARN_INFINITE_RECURSION = YES;
				CLANG_WARN_INT_CONVERSION = YES;
				CLANG_WARN_NON_LITERAL_NULL_CONVERSION = YES;
				CLANG_WARN_OBJC_IMPLICIT_RETAIN_SELF = YES;
				CLANG_WARN_OBJC_LITERAL_CONVERSION = YES;
				CLANG_WARN_OBJC_ROOT_CLASS = YES_ERROR;
				CLANG_WARN_QUOTED_INCLUDE_IN_FRAMEWORK_HEADER = YES;
				CLANG_WARN_RANGE_LOOP_ANALYSIS = YES;
				CLANG_WARN_STRICT_PROTOTYPES = YES;
				CLANG_WARN_SUSPICIOUS_MOVE = YES;
				CLANG_WARN_UNGUARDED_AVAILABILITY = YES_AGGRESSIVE;
				CLANG_WARN_UNREACHABLE_CODE = YES;
				CLANG_WARN__DUPLICATE_METHOD_MATCH = YES;
				COPY_PHASE_STRIP = NO;
				DEBUG_INFORMATION_FORMAT = "dwarf-with-dsym";
				ENABLE_NS_ASSERTIONS = NO;
				ENABLE_STRICT_OBJC_MSGSEND = YES;
				ENABLE_USER_SCRIPT_SANDBOXING = YES;
				GCC_C_LANGUAGE_STANDARD = gnu17;
				GCC_NO_COMMON_BLOCKS = YES;
				GCC_WARN_64_TO_32_BIT_CONVERSION = YES;
				GCC_WARN_ABOUT_RETURN_TYPE = YES_ERROR;
				GCC_WARN_UNDECLARED_SELECTOR = YES;
				GCC_WARN_UNINITIALIZED_AUTOS = YES_AGGRESSIVE;
				GCC_WARN_UNUSED_FUNCTION = YES;
				GCC_WARN_UNUSED_VARIABLE = YES;
				IPHONEOS_DEPLOYMENT_TARGET = 17.2;
				LOCALIZATION_PREFERS_STRING_CATALOGS = YES;
				MTL_ENABLE_DEBUG_INFO = NO;
				MTL_FAST_MATH = YES;
				SDKROOT = iphoneos;
				SWIFT_COMPILATION_MODE = wholemodule;
				VALIDATE_PRODUCT = YES;
			};
			name = Release;
		};
		D08ACC232B67F70C0079DD7F /* Debug */ = {
			isa = XCBuildConfiguration;
			buildSettings = {
				ASSETCATALOG_COMPILER_APPICON_NAME = AppIcon;
				ASSETCATALOG_COMPILER_GLOBAL_ACCENT_COLOR_NAME = AccentColor;
				CODE_SIGN_STYLE = Automatic;
				CURRENT_PROJECT_VERSION = 1;
				DEVELOPMENT_ASSET_PATHS = "\"SwiftUIStacks/Preview Content\"";
				DEVELOPMENT_TEAM = VVQ9J45SJ2;
				ENABLE_PREVIEWS = YES;
				GENERATE_INFOPLIST_FILE = YES;
				INFOPLIST_KEY_UIApplicationSceneManifest_Generation = YES;
				INFOPLIST_KEY_UIApplicationSupportsIndirectInputEvents = YES;
				INFOPLIST_KEY_UILaunchScreen_Generation = YES;
				INFOPLIST_KEY_UISupportedInterfaceOrientations_iPad = "UIInterfaceOrientationPortrait UIInterfaceOrientationPortraitUpsideDown UIInterfaceOrientationLandscapeLeft UIInterfaceOrientationLandscapeRight";
				INFOPLIST_KEY_UISupportedInterfaceOrientations_iPhone = "UIInterfaceOrientationPortrait UIInterfaceOrientationLandscapeLeft UIInterfaceOrientationLandscapeRight";
				LD_RUNPATH_SEARCH_PATHS = (
					"$(inherited)",
					"@executable_path/Frameworks",
				);
				MARKETING_VERSION = 1.0;
				PRODUCT_BUNDLE_IDENTIFIER = "dev.swapnil-roy.SwiftUIStacks";
				PRODUCT_NAME = "$(TARGET_NAME)";
				SWIFT_EMIT_LOC_STRINGS = YES;
				SWIFT_VERSION = 5.0;
				TARGETED_DEVICE_FAMILY = "1,2";
			};
			name = Debug;
		};
		D08ACC242B67F70C0079DD7F /* Release */ = {
			isa = XCBuildConfiguration;
			buildSettings = {
				ASSETCATALOG_COMPILER_APPICON_NAME = AppIcon;
				ASSETCATALOG_COMPILER_GLOBAL_ACCENT_COLOR_NAME = AccentColor;
				CODE_SIGN_STYLE = Automatic;
				CURRENT_PROJECT_VERSION = 1;
				DEVELOPMENT_ASSET_PATHS = "\"SwiftUIStacks/Preview Content\"";
				DEVELOPMENT_TEAM = VVQ9J45SJ2;
				ENABLE_PREVIEWS = YES;
				GENERATE_INFOPLIST_FILE = YES;
				INFOPLIST_KEY_UIApplicationSceneManifest_Generation = YES;
				INFOPLIST_KEY_UIApplicationSupportsIndirectInputEvents = YES;
				INFOPLIST_KEY_UILaunchScreen_Generation = YES;
				INFOPLIST_KEY_UISupportedInterfaceOrientations_iPad = "UIInterfaceOrientationPortrait UIInterfaceOrientationPortraitUpsideDown UIInterfaceOrientationLandscapeLeft UIInterfaceOrientationLandscapeRight";
				INFOPLIST_KEY_UISupportedInterfaceOrientations_iPhone = "UIInterfaceOrientationPortrait UIInterfaceOrientationLandscapeLeft UIInterfaceOrientationLandscapeRight";
				LD_RUNPATH_SEARCH_PATHS = (
					"$(inherited)",
					"@executable_path/Frameworks",
				);
				MARKETING_VERSION = 1.0;
				PRODUCT_BUNDLE_IDENTIFIER = "dev.swapnil-roy.SwiftUIStacks";
				PRODUCT_NAME = "$(TARGET_NAME)";
				SWIFT_EMIT_LOC_STRINGS = YES;
				SWIFT_VERSION = 5.0;
				TARGETED_DEVICE_FAMILY = "1,2";
			};
			name = Release;
		};
		D08ACC262B67F70C0079DD7F /* Debug */ = {
			isa = XCBuildConfiguration;
			buildSettings = {
				ALWAYS_EMBED_SWIFT_STANDARD_LIBRARIES = YES;
				BUNDLE_LOADER = "$(TEST_HOST)";
				CODE_SIGN_STYLE = Automatic;
				CURRENT_PROJECT_VERSION = 1;
				DEVELOPMENT_TEAM = VVQ9J45SJ2;
				GENERATE_INFOPLIST_FILE = YES;
				IPHONEOS_DEPLOYMENT_TARGET = 17.2;
				MARKETING_VERSION = 1.0;
				PRODUCT_BUNDLE_IDENTIFIER = "dev.swapnil-roy.SwiftUIStacksTests";
				PRODUCT_NAME = "$(TARGET_NAME)";
				SWIFT_EMIT_LOC_STRINGS = NO;
				SWIFT_VERSION = 5.0;
				TARGETED_DEVICE_FAMILY = "1,2";
				TEST_HOST = "$(BUILT_PRODUCTS_DIR)/SwiftUIStacks.app/$(BUNDLE_EXECUTABLE_FOLDER_PATH)/SwiftUIStacks";
			};
			name = Debug;
		};
		D08ACC272B67F70C0079DD7F /* Release */ = {
			isa = XCBuildConfiguration;
			buildSettings = {
				ALWAYS_EMBED_SWIFT_STANDARD_LIBRARIES = YES;
				BUNDLE_LOADER = "$(TEST_HOST)";
				CODE_SIGN_STYLE = Automatic;
				CURRENT_PROJECT_VERSION = 1;
				DEVELOPMENT_TEAM = VVQ9J45SJ2;
				GENERATE_INFOPLIST_FILE = YES;
				IPHONEOS_DEPLOYMENT_TARGET = 17.2;
				MARKETING_VERSION = 1.0;
				PRODUCT_BUNDLE_IDENTIFIER = "dev.swapnil-roy.SwiftUIStacksTests";
				PRODUCT_NAME = "$(TARGET_NAME)";
				SWIFT_EMIT_LOC_STRINGS = NO;
				SWIFT_VERSION = 5.0;
				TARGETED_DEVICE_FAMILY = "1,2";
				TEST_HOST = "$(BUILT_PRODUCTS_DIR)/SwiftUIStacks.app/$(BUNDLE_EXECUTABLE_FOLDER_PATH)/SwiftUIStacks";
			};
			name = Release;
		};
		D08ACC292B67F70C0079DD7F /* Debug */ = {
			isa = XCBuildConfiguration;
			buildSettings = {
				ALWAYS_EMBED_SWIFT_STANDARD_LIBRARIES = YES;
				CODE_SIGN_STYLE = Automatic;
				CURRENT_PROJECT_VERSION = 1;
				DEVELOPMENT_TEAM = VVQ9J45SJ2;
				GENERATE_INFOPLIST_FILE = YES;
				MARKETING_VERSION = 1.0;
				PRODUCT_BUNDLE_IDENTIFIER = "dev.swapnil-roy.SwiftUIStacksUITests";
				PRODUCT_NAME = "$(TARGET_NAME)";
				SWIFT_EMIT_LOC_STRINGS = NO;
				SWIFT_VERSION = 5.0;
				TARGETED_DEVICE_FAMILY = "1,2";
				TEST_TARGET_NAME = SwiftUIStacks;
			};
			name = Debug;
		};
		D08ACC2A2B67F70C0079DD7F /* Release */ = {
			isa = XCBuildConfiguration;
			buildSettings = {
				ALWAYS_EMBED_SWIFT_STANDARD_LIBRARIES = YES;
				CODE_SIGN_STYLE = Automatic;
				CURRENT_PROJECT_VERSION = 1;
				DEVELOPMENT_TEAM = VVQ9J45SJ2;
				GENERATE_INFOPLIST_FILE = YES;
				MARKETING_VERSION = 1.0;
				PRODUCT_BUNDLE_IDENTIFIER = "dev.swapnil-roy.SwiftUIStacksUITests";
				PRODUCT_NAME = "$(TARGET_NAME)";
				SWIFT_EMIT_LOC_STRINGS = NO;
				SWIFT_VERSION = 5.0;
				TARGETED_DEVICE_FAMILY = "1,2";
				TEST_TARGET_NAME = SwiftUIStacks;
			};
			name = Release;
		};
/* End XCBuildConfiguration section */

/* Begin XCConfigurationList section */
		D08ACBF92B67F70B0079DD7F /* Build configuration list for PBXProject "SwiftUIStacks" */ = {
			isa = XCConfigurationList;
			buildConfigurations = (
				D08ACC202B67F70C0079DD7F /* Debug */,
				D08ACC212B67F70C0079DD7F /* Release */,
			);
			defaultConfigurationIsVisible = 0;
			defaultConfigurationName = Release;
		};
		D08ACC222B67F70C0079DD7F /* Build configuration list for PBXNativeTarget "SwiftUIStacks" */ = {
			isa = XCConfigurationList;
			buildConfigurations = (
				D08ACC232B67F70C0079DD7F /* Debug */,
				D08ACC242B67F70C0079DD7F /* Release */,
			);
			defaultConfigurationIsVisible = 0;
			defaultConfigurationName = Release;
		};
		D08ACC252B67F70C0079DD7F /* Build configuration list for PBXNativeTarget "SwiftUIStacksTests" */ = {
			isa = XCConfigurationList;
			buildConfigurations = (
				D08ACC262B67F70C0079DD7F /* Debug */,
				D08ACC272B67F70C0079DD7F /* Release */,
			);
			defaultConfigurationIsVisible = 0;
			defaultConfigurationName = Release;
		};
		D08ACC282B67F70C0079DD7F /* Build configuration list for PBXNativeTarget "SwiftUIStacksUITests" */ = {
			isa = XCConfigurationList;
			buildConfigurations = (
				D08ACC292B67F70C0079DD7F /* Debug */,
				D08ACC2A2B67F70C0079DD7F /* Release */,
			);
			defaultConfigurationIsVisible = 0;
			defaultConfigurationName = Release;
		};
/* End XCConfigurationList section */
	};
	rootObject = D08ACBF62B67F70B0079DD7F /* Project object */;
}
