// !$*UTF8*$!
{
	archiveVersion = 1;
	classes = {
	};
	objectVersion = 56;
	objects = {

/* Begin PBXBuildFile section */
		D0233B532BA2227300A289A8 /* RegistrationView.swift in Sources */ = {isa = PBXBuildFile; fileRef = D0233B522BA2227300A289A8 /* RegistrationView.swift */; };
		D0233B552BA2272F00A289A8 /* ProfileView.swift in Sources */ = {isa = PBXBuildFile; fileRef = D0233B542BA2272F00A289A8 /* ProfileView.swift */; };
		D037EEE22B9F88FF006ECF09 /* AuthFitApp.swift in Sources */ = {isa = PBXBuildFile; fileRef = D037EEE12B9F88FF006ECF09 /* AuthFitApp.swift */; };
		D037EEE42B9F88FF006ECF09 /* ContentView.swift in Sources */ = {isa = PBXBuildFile; fileRef = D037EEE32B9F88FF006ECF09 /* ContentView.swift */; };
		D037EEE62B9F8900006ECF09 /* Assets.xcassets in Resources */ = {isa = PBXBuildFile; fileRef = D037EEE52B9F8900006ECF09 /* Assets.xcassets */; };
		D037EEE92B9F8900006ECF09 /* Preview Assets.xcassets in Resources */ = {isa = PBXBuildFile; fileRef = D037EEE82B9F8900006ECF09 /* Preview Assets.xcassets */; };
		D037EEF32B9F8900006ECF09 /* AuthFitTests.swift in Sources */ = {isa = PBXBuildFile; fileRef = D037EEF22B9F8900006ECF09 /* AuthFitTests.swift */; };
		D037EEFD2B9F8900006ECF09 /* AuthFitUITests.swift in Sources */ = {isa = PBXBuildFile; fileRef = D037EEFC2B9F8900006ECF09 /* AuthFitUITests.swift */; };
		D037EEFF2B9F8900006ECF09 /* AuthFitUITestsLaunchTests.swift in Sources */ = {isa = PBXBuildFile; fileRef = D037EEFE2B9F8900006ECF09 /* AuthFitUITestsLaunchTests.swift */; };
		D037EF152B9F8AD4006ECF09 /* LoginView.swift in Sources */ = {isa = PBXBuildFile; fileRef = D037EF142B9F8AD4006ECF09 /* LoginView.swift */; };
		D037EF172B9F8DB8006ECF09 /* InputView.swift in Sources */ = {isa = PBXBuildFile; fileRef = D037EF162B9F8DB8006ECF09 /* InputView.swift */; };
		D083976C2BA8A72E0030806E /* SettingsRowView.swift in Sources */ = {isa = PBXBuildFile; fileRef = D083976B2BA8A72E0030806E /* SettingsRowView.swift */; };
		D083976E2BA8AADC0030806E /* User.swift in Sources */ = {isa = PBXBuildFile; fileRef = D083976D2BA8AADC0030806E /* User.swift */; };
		D08397722BA8BC790030806E /* GoogleService-Info.plist in Resources */ = {isa = PBXBuildFile; fileRef = D08397712BA8BC790030806E /* GoogleService-Info.plist */; };
		D08397752BA8BD690030806E /* FirebaseAuth in Frameworks */ = {isa = PBXBuildFile; productRef = D08397742BA8BD690030806E /* FirebaseAuth */; };
		D08397772BA8BD690030806E /* FirebaseFirestore in Frameworks */ = {isa = PBXBuildFile; productRef = D08397762BA8BD690030806E /* FirebaseFirestore */; };
		D08397792BA8BD690030806E /* FirebaseFirestoreSwift in Frameworks */ = {isa = PBXBuildFile; productRef = D08397782BA8BD690030806E /* FirebaseFirestoreSwift */; };
		D083977B2BA8BD690030806E /* FirebaseStorage in Frameworks */ = {isa = PBXBuildFile; productRef = D083977A2BA8BD690030806E /* FirebaseStorage */; };
		D083977F2BA8BE990030806E /* AuthViewModel.swift in Sources */ = {isa = PBXBuildFile; fileRef = D083977E2BA8BE990030806E /* AuthViewModel.swift */; };
/* End PBXBuildFile section */

/* Begin PBXContainerItemProxy section */
		D037EEEF2B9F8900006ECF09 /* PBXContainerItemProxy */ = {
			isa = PBXContainerItemProxy;
			containerPortal = D037EED62B9F88FF006ECF09 /* Project object */;
			proxyType = 1;
			remoteGlobalIDString = D037EEDD2B9F88FF006ECF09;
			remoteInfo = AuthFit;
		};
		D037EEF92B9F8900006ECF09 /* PBXContainerItemProxy */ = {
			isa = PBXContainerItemProxy;
			containerPortal = D037EED62B9F88FF006ECF09 /* Project object */;
			proxyType = 1;
			remoteGlobalIDString = D037EEDD2B9F88FF006ECF09;
			remoteInfo = AuthFit;
		};
/* End PBXContainerItemProxy section */

/* Begin PBXFileReference section */
		D0233B522BA2227300A289A8 /* RegistrationView.swift */ = {isa = PBXFileReference; lastKnownFileType = sourcecode.swift; path = RegistrationView.swift; sourceTree = "<group>"; };
		D0233B542BA2272F00A289A8 /* ProfileView.swift */ = {isa = PBXFileReference; lastKnownFileType = sourcecode.swift; path = ProfileView.swift; sourceTree = "<group>"; };
		D037EEDE2B9F88FF006ECF09 /* AuthFit.app */ = {isa = PBXFileReference; explicitFileType = wrapper.application; includeInIndex = 0; path = AuthFit.app; sourceTree = BUILT_PRODUCTS_DIR; };
		D037EEE12B9F88FF006ECF09 /* AuthFitApp.swift */ = {isa = PBXFileReference; lastKnownFileType = sourcecode.swift; path = AuthFitApp.swift; sourceTree = "<group>"; };
		D037EEE32B9F88FF006ECF09 /* ContentView.swift */ = {isa = PBXFileReference; lastKnownFileType = sourcecode.swift; path = ContentView.swift; sourceTree = "<group>"; };
		D037EEE52B9F8900006ECF09 /* Assets.xcassets */ = {isa = PBXFileReference; lastKnownFileType = folder.assetcatalog; path = Assets.xcassets; sourceTree = "<group>"; };
		D037EEE82B9F8900006ECF09 /* Preview Assets.xcassets */ = {isa = PBXFileReference; lastKnownFileType = folder.assetcatalog; path = "Preview Assets.xcassets"; sourceTree = "<group>"; };
		D037EEEE2B9F8900006ECF09 /* AuthFitTests.xctest */ = {isa = PBXFileReference; explicitFileType = wrapper.cfbundle; includeInIndex = 0; path = AuthFitTests.xctest; sourceTree = BUILT_PRODUCTS_DIR; };
		D037EEF22B9F8900006ECF09 /* AuthFitTests.swift */ = {isa = PBXFileReference; lastKnownFileType = sourcecode.swift; path = AuthFitTests.swift; sourceTree = "<group>"; };
		D037EEF82B9F8900006ECF09 /* AuthFitUITests.xctest */ = {isa = PBXFileReference; explicitFileType = wrapper.cfbundle; includeInIndex = 0; path = AuthFitUITests.xctest; sourceTree = BUILT_PRODUCTS_DIR; };
		D037EEFC2B9F8900006ECF09 /* AuthFitUITests.swift */ = {isa = PBXFileReference; lastKnownFileType = sourcecode.swift; path = AuthFitUITests.swift; sourceTree = "<group>"; };
		D037EEFE2B9F8900006ECF09 /* AuthFitUITestsLaunchTests.swift */ = {isa = PBXFileReference; lastKnownFileType = sourcecode.swift; path = AuthFitUITestsLaunchTests.swift; sourceTree = "<group>"; };
		D037EF142B9F8AD4006ECF09 /* LoginView.swift */ = {isa = PBXFileReference; lastKnownFileType = sourcecode.swift; path = LoginView.swift; sourceTree = "<group>"; };
		D037EF162B9F8DB8006ECF09 /* InputView.swift */ = {isa = PBXFileReference; lastKnownFileType = sourcecode.swift; path = InputView.swift; sourceTree = "<group>"; };
		D083976B2BA8A72E0030806E /* SettingsRowView.swift */ = {isa = PBXFileReference; lastKnownFileType = sourcecode.swift; path = SettingsRowView.swift; sourceTree = "<group>"; };
		D083976D2BA8AADC0030806E /* User.swift */ = {isa = PBXFileReference; lastKnownFileType = sourcecode.swift; path = User.swift; sourceTree = "<group>"; };
		D08397712BA8BC790030806E /* GoogleService-Info.plist */ = {isa = PBXFileReference; lastKnownFileType = text.plist; path = "GoogleService-Info.plist"; sourceTree = SOURCE_ROOT; };
		D083977E2BA8BE990030806E /* AuthViewModel.swift */ = {isa = PBXFileReference; lastKnownFileType = sourcecode.swift; path = AuthViewModel.swift; sourceTree = "<group>"; };
/* End PBXFileReference section */

/* Begin PBXFrameworksBuildPhase section */
		D037EEDB2B9F88FF006ECF09 /* Frameworks */ = {
			isa = PBXFrameworksBuildPhase;
			buildActionMask = 2147483647;
			files = (
				D08397752BA8BD690030806E /* FirebaseAuth in Frameworks */,
				D083977B2BA8BD690030806E /* FirebaseStorage in Frameworks */,
				D08397772BA8BD690030806E /* FirebaseFirestore in Frameworks */,
				D08397792BA8BD690030806E /* FirebaseFirestoreSwift in Frameworks */,
			);
			runOnlyForDeploymentPostprocessing = 0;
		};
		D037EEEB2B9F8900006ECF09 /* Frameworks */ = {
			isa = PBXFrameworksBuildPhase;
			buildActionMask = 2147483647;
			files = (
			);
			runOnlyForDeploymentPostprocessing = 0;
		};
		D037EEF52B9F8900006ECF09 /* Frameworks */ = {
			isa = PBXFrameworksBuildPhase;
			buildActionMask = 2147483647;
			files = (
			);
			runOnlyForDeploymentPostprocessing = 0;
		};
/* End PBXFrameworksBuildPhase section */

/* Begin PBXGroup section */
		D037EED52B9F88FF006ECF09 = {
			isa = PBXGroup;
			children = (
				D037EEE02B9F88FF006ECF09 /* AuthFit */,
				D037EEF12B9F8900006ECF09 /* AuthFitTests */,
				D037EEFB2B9F8900006ECF09 /* AuthFitUITests */,
				D037EEDF2B9F88FF006ECF09 /* Products */,
			);
			sourceTree = "<group>";
		};
		D037EEDF2B9F88FF006ECF09 /* Products */ = {
			isa = PBXGroup;
			children = (
				D037EEDE2B9F88FF006ECF09 /* AuthFit.app */,
				D037EEEE2B9F8900006ECF09 /* AuthFitTests.xctest */,
				D037EEF82B9F8900006ECF09 /* AuthFitUITests.xctest */,
			);
			name = Products;
			sourceTree = "<group>";
		};
		D037EEE02B9F88FF006ECF09 /* AuthFit */ = {
			isa = PBXGroup;
			children = (
				D037EF0F2B9F89D9006ECF09 /* Core */,
				D037EF0D2B9F89D2006ECF09 /* Model */,
				D037EF0C2B9F896A006ECF09 /* Components */,
				D037EF0B2B9F893F006ECF09 /* App */,
				D037EEE52B9F8900006ECF09 /* Assets.xcassets */,
				D08397712BA8BC790030806E /* GoogleService-Info.plist */,
				D037EEE72B9F8900006ECF09 /* Preview Content */,
			);
			path = AuthFit;
			sourceTree = "<group>";
		};
		D037EEE72B9F8900006ECF09 /* Preview Content */ = {
			isa = PBXGroup;
			children = (
				D037EEE82B9F8900006ECF09 /* Preview Assets.xcassets */,
			);
			path = "Preview Content";
			sourceTree = "<group>";
		};
		D037EEF12B9F8900006ECF09 /* AuthFitTests */ = {
			isa = PBXGroup;
			children = (
				D037EEF22B9F8900006ECF09 /* AuthFitTests.swift */,
			);
			path = AuthFitTests;
			sourceTree = "<group>";
		};
		D037EEFB2B9F8900006ECF09 /* AuthFitUITests */ = {
			isa = PBXGroup;
			children = (
				D037EEFC2B9F8900006ECF09 /* AuthFitUITests.swift */,
				D037EEFE2B9F8900006ECF09 /* AuthFitUITestsLaunchTests.swift */,
			);
			path = AuthFitUITests;
			sourceTree = "<group>";
		};
		D037EF0B2B9F893F006ECF09 /* App */ = {
			isa = PBXGroup;
			children = (
				D037EEE12B9F88FF006ECF09 /* AuthFitApp.swift */,
			);
			path = App;
			sourceTree = "<group>";
		};
		D037EF0C2B9F896A006ECF09 /* Components */ = {
			isa = PBXGroup;
			children = (
				D037EF162B9F8DB8006ECF09 /* InputView.swift */,
				D083976B2BA8A72E0030806E /* SettingsRowView.swift */,
			);
			path = Components;
			sourceTree = "<group>";
		};
		D037EF0D2B9F89D2006ECF09 /* Model */ = {
			isa = PBXGroup;
			children = (
				D083976D2BA8AADC0030806E /* User.swift */,
			);
			path = Model;
			sourceTree = "<group>";
		};
		D037EF0F2B9F89D9006ECF09 /* Core */ = {
			isa = PBXGroup;
			children = (
				D037EF122B9F8A44006ECF09 /* Authentication */,
				D037EF132B9F8A56006ECF09 /* Profile */,
				D037EF102B9F8A1E006ECF09 /* Root */,
			);
			path = Core;
			sourceTree = "<group>";
		};
		D037EF102B9F8A1E006ECF09 /* Root */ = {
			isa = PBXGroup;
			children = (
				D037EEE32B9F88FF006ECF09 /* ContentView.swift */,
			);
			path = Root;
			sourceTree = "<group>";
		};
		D037EF122B9F8A44006ECF09 /* Authentication */ = {
			isa = PBXGroup;
			children = (
				D083977D2BA8BE670030806E /* ViewModel */,
				D083977C2BA8BE620030806E /* View */,
			);
			path = Authentication;
			sourceTree = "<group>";
		};
		D037EF132B9F8A56006ECF09 /* Profile */ = {
			isa = PBXGroup;
			children = (
				D0233B542BA2272F00A289A8 /* ProfileView.swift */,
			);
			path = Profile;
			sourceTree = "<group>";
		};
		D083977C2BA8BE620030806E /* View */ = {
			isa = PBXGroup;
			children = (
				D037EF142B9F8AD4006ECF09 /* LoginView.swift */,
				D0233B522BA2227300A289A8 /* RegistrationView.swift */,
			);
			path = View;
			sourceTree = "<group>";
		};
		D083977D2BA8BE670030806E /* ViewModel */ = {
			isa = PBXGroup;
			children = (
				D083977E2BA8BE990030806E /* AuthViewModel.swift */,
			);
			path = ViewModel;
			sourceTree = "<group>";
		};
/* End PBXGroup section */

/* Begin PBXNativeTarget section */
		D037EEDD2B9F88FF006ECF09 /* AuthFit */ = {
			isa = PBXNativeTarget;
			buildConfigurationList = D037EF022B9F8900006ECF09 /* Build configuration list for PBXNativeTarget "AuthFit" */;
			buildPhases = (
				D037EEDA2B9F88FF006ECF09 /* Sources */,
				D037EEDB2B9F88FF006ECF09 /* Frameworks */,
				D037EEDC2B9F88FF006ECF09 /* Resources */,
			);
			buildRules = (
			);
			dependencies = (
			);
			name = AuthFit;
			packageProductDependencies = (
				D08397742BA8BD690030806E /* FirebaseAuth */,
				D08397762BA8BD690030806E /* FirebaseFirestore */,
				D08397782BA8BD690030806E /* FirebaseFirestoreSwift */,
				D083977A2BA8BD690030806E /* FirebaseStorage */,
			);
			productName = AuthFit;
			productReference = D037EEDE2B9F88FF006ECF09 /* AuthFit.app */;
			productType = "com.apple.product-type.application";
		};
		D037EEED2B9F8900006ECF09 /* AuthFitTests */ = {
			isa = PBXNativeTarget;
			buildConfigurationList = D037EF052B9F8900006ECF09 /* Build configuration list for PBXNativeTarget "AuthFitTests" */;
			buildPhases = (
				D037EEEA2B9F8900006ECF09 /* Sources */,
				D037EEEB2B9F8900006ECF09 /* Frameworks */,
				D037EEEC2B9F8900006ECF09 /* Resources */,
			);
			buildRules = (
			);
			dependencies = (
				D037EEF02B9F8900006ECF09 /* PBXTargetDependency */,
			);
			name = AuthFitTests;
			productName = AuthFitTests;
			productReference = D037EEEE2B9F8900006ECF09 /* AuthFitTests.xctest */;
			productType = "com.apple.product-type.bundle.unit-test";
		};
		D037EEF72B9F8900006ECF09 /* AuthFitUITests */ = {
			isa = PBXNativeTarget;
			buildConfigurationList = D037EF082B9F8900006ECF09 /* Build configuration list for PBXNativeTarget "AuthFitUITests" */;
			buildPhases = (
				D037EEF42B9F8900006ECF09 /* Sources */,
				D037EEF52B9F8900006ECF09 /* Frameworks */,
				D037EEF62B9F8900006ECF09 /* Resources */,
			);
			buildRules = (
			);
			dependencies = (
				D037EEFA2B9F8900006ECF09 /* PBXTargetDependency */,
			);
			name = AuthFitUITests;
			productName = AuthFitUITests;
			productReference = D037EEF82B9F8900006ECF09 /* AuthFitUITests.xctest */;
			productType = "com.apple.product-type.bundle.ui-testing";
		};
/* End PBXNativeTarget section */

/* Begin PBXProject section */
		D037EED62B9F88FF006ECF09 /* Project object */ = {
			isa = PBXProject;
			attributes = {
				BuildIndependentTargetsInParallel = 1;
				LastSwiftUpdateCheck = 1520;
				LastUpgradeCheck = 1520;
				TargetAttributes = {
					D037EEDD2B9F88FF006ECF09 = {
						CreatedOnToolsVersion = 15.2;
					};
					D037EEED2B9F8900006ECF09 = {
						CreatedOnToolsVersion = 15.2;
						TestTargetID = D037EEDD2B9F88FF006ECF09;
					};
					D037EEF72B9F8900006ECF09 = {
						CreatedOnToolsVersion = 15.2;
						TestTargetID = D037EEDD2B9F88FF006ECF09;
					};
				};
			};
			buildConfigurationList = D037EED92B9F88FF006ECF09 /* Build configuration list for PBXProject "AuthFit" */;
			compatibilityVersion = "Xcode 14.0";
			developmentRegion = en;
			hasScannedForEncodings = 0;
			knownRegions = (
				en,
				Base,
			);
			mainGroup = D037EED52B9F88FF006ECF09;
			packageReferences = (
				D08397732BA8BD690030806E /* XCRemoteSwiftPackageReference "firebase-ios-sdk" */,
			);
			productRefGroup = D037EEDF2B9F88FF006ECF09 /* Products */;
			projectDirPath = "";
			projectRoot = "";
			targets = (
				D037EEDD2B9F88FF006ECF09 /* AuthFit */,
				D037EEED2B9F8900006ECF09 /* AuthFitTests */,
				D037EEF72B9F8900006ECF09 /* AuthFitUITests */,
			);
		};
/* End PBXProject section */

/* Begin PBXResourcesBuildPhase section */
		D037EEDC2B9F88FF006ECF09 /* Resources */ = {
			isa = PBXResourcesBuildPhase;
			buildActionMask = 2147483647;
			files = (
				D037EEE92B9F8900006ECF09 /* Preview Assets.xcassets in Resources */,
				D037EEE62B9F8900006ECF09 /* Assets.xcassets in Resources */,
				D08397722BA8BC790030806E /* GoogleService-Info.plist in Resources */,
			);
			runOnlyForDeploymentPostprocessing = 0;
		};
		D037EEEC2B9F8900006ECF09 /* Resources */ = {
			isa = PBXResourcesBuildPhase;
			buildActionMask = 2147483647;
			files = (
			);
			runOnlyForDeploymentPostprocessing = 0;
		};
		D037EEF62B9F8900006ECF09 /* Resources */ = {
			isa = PBXResourcesBuildPhase;
			buildActionMask = 2147483647;
			files = (
			);
			runOnlyForDeploymentPostprocessing = 0;
		};
/* End PBXResourcesBuildPhase section */

/* Begin PBXSourcesBuildPhase section */
		D037EEDA2B9F88FF006ECF09 /* Sources */ = {
			isa = PBXSourcesBuildPhase;
			buildActionMask = 2147483647;
			files = (
				D037EF152B9F8AD4006ECF09 /* LoginView.swift in Sources */,
				D037EF172B9F8DB8006ECF09 /* InputView.swift in Sources */,
				D037EEE42B9F88FF006ECF09 /* ContentView.swift in Sources */,
				D037EEE22B9F88FF006ECF09 /* AuthFitApp.swift in Sources */,
				D083976E2BA8AADC0030806E /* User.swift in Sources */,
				D083976C2BA8A72E0030806E /* SettingsRowView.swift in Sources */,
				D0233B552BA2272F00A289A8 /* ProfileView.swift in Sources */,
				D0233B532BA2227300A289A8 /* RegistrationView.swift in Sources */,
				D083977F2BA8BE990030806E /* AuthViewModel.swift in Sources */,
			);
			runOnlyForDeploymentPostprocessing = 0;
		};
		D037EEEA2B9F8900006ECF09 /* Sources */ = {
			isa = PBXSourcesBuildPhase;
			buildActionMask = 2147483647;
			files = (
				D037EEF32B9F8900006ECF09 /* AuthFitTests.swift in Sources */,
			);
			runOnlyForDeploymentPostprocessing = 0;
		};
		D037EEF42B9F8900006ECF09 /* Sources */ = {
			isa = PBXSourcesBuildPhase;
			buildActionMask = 2147483647;
			files = (
				D037EEFF2B9F8900006ECF09 /* AuthFitUITestsLaunchTests.swift in Sources */,
				D037EEFD2B9F8900006ECF09 /* AuthFitUITests.swift in Sources */,
			);
			runOnlyForDeploymentPostprocessing = 0;
		};
/* End PBXSourcesBuildPhase section */

/* Begin PBXTargetDependency section */
		D037EEF02B9F8900006ECF09 /* PBXTargetDependency */ = {
			isa = PBXTargetDependency;
			target = D037EEDD2B9F88FF006ECF09 /* AuthFit */;
			targetProxy = D037EEEF2B9F8900006ECF09 /* PBXContainerItemProxy */;
		};
		D037EEFA2B9F8900006ECF09 /* PBXTargetDependency */ = {
			isa = PBXTargetDependency;
			target = D037EEDD2B9F88FF006ECF09 /* AuthFit */;
			targetProxy = D037EEF92B9F8900006ECF09 /* PBXContainerItemProxy */;
		};
/* End PBXTargetDependency section */

/* Begin XCBuildConfiguration section */
		D037EF002B9F8900006ECF09 /* Debug */ = {
			isa = XCBuildConfiguration;
			buildSettings = {
				ALWAYS_SEARCH_USER_PATHS = NO;
				ASSETCATALOG_COMPILER_GENERATE_SWIFT_ASSET_SYMBOL_EXTENSIONS = YES;
				CLANG_ANALYZER_NONNULL = YES;
				CLANG_ANALYZER_NUMBER_OBJECT_CONVERSION = YES_AGGRESSIVE;
				CLANG_CXX_LANGUAGE_STANDARD = "gnu++20";
				CLANG_ENABLE_MODULES = YES;
				CLANG_ENABLE_OBJC_ARC = YES;
				CLANG_ENABLE_OBJC_WEAK = YES;
				CLANG_WARN_BLOCK_CAPTURE_AUTORELEASING = YES;
				CLANG_WARN_BOOL_CONVERSION = YES;
				CLANG_WARN_COMMA = YES;
				CLANG_WARN_CONSTANT_CONVERSION = YES;
				CLANG_WARN_DEPRECATED_OBJC_IMPLEMENTATIONS = YES;
				CLANG_WARN_DIRECT_OBJC_ISA_USAGE = YES_ERROR;
				CLANG_WARN_DOCUMENTATION_COMMENTS = YES;
				CLANG_WARN_EMPTY_BODY = YES;
				CLANG_WARN_ENUM_CONVERSION = YES;
				CLANG_WARN_INFINITE_RECURSION = YES;
				CLANG_WARN_INT_CONVERSION = YES;
				CLANG_WARN_NON_LITERAL_NULL_CONVERSION = YES;
				CLANG_WARN_OBJC_IMPLICIT_RETAIN_SELF = YES;
				CLANG_WARN_OBJC_LITERAL_CONVERSION = YES;
				CLANG_WARN_OBJC_ROOT_CLASS = YES_ERROR;
				CLANG_WARN_QUOTED_INCLUDE_IN_FRAMEWORK_HEADER = YES;
				CLANG_WARN_RANGE_LOOP_ANALYSIS = YES;
				CLANG_WARN_STRICT_PROTOTYPES = YES;
				CLANG_WARN_SUSPICIOUS_MOVE = YES;
				CLANG_WARN_UNGUARDED_AVAILABILITY = YES_AGGRESSIVE;
				CLANG_WARN_UNREACHABLE_CODE = YES;
				CLANG_WARN__DUPLICATE_METHOD_MATCH = YES;
				COPY_PHASE_STRIP = NO;
				DEBUG_INFORMATION_FORMAT = dwarf;
				ENABLE_STRICT_OBJC_MSGSEND = YES;
				ENABLE_TESTABILITY = YES;
				ENABLE_USER_SCRIPT_SANDBOXING = YES;
				GCC_C_LANGUAGE_STANDARD = gnu17;
				GCC_DYNAMIC_NO_PIC = NO;
				GCC_NO_COMMON_BLOCKS = YES;
				GCC_OPTIMIZATION_LEVEL = 0;
				GCC_PREPROCESSOR_DEFINITIONS = (
					"DEBUG=1",
					"$(inherited)",
				);
				GCC_WARN_64_TO_32_BIT_CONVERSION = YES;
				GCC_WARN_ABOUT_RETURN_TYPE = YES_ERROR;
				GCC_WARN_UNDECLARED_SELECTOR = YES;
				GCC_WARN_UNINITIALIZED_AUTOS = YES_AGGRESSIVE;
				GCC_WARN_UNUSED_FUNCTION = YES;
				GCC_WARN_UNUSED_VARIABLE = YES;
				IPHONEOS_DEPLOYMENT_TARGET = 17.2;
				LOCALIZATION_PREFERS_STRING_CATALOGS = YES;
				MTL_ENABLE_DEBUG_INFO = INCLUDE_SOURCE;
				MTL_FAST_MATH = YES;
				ONLY_ACTIVE_ARCH = YES;
				SDKROOT = iphoneos;
				SWIFT_ACTIVE_COMPILATION_CONDITIONS = "DEBUG $(inherited)";
				SWIFT_OPTIMIZATION_LEVEL = "-Onone";
			};
			name = Debug;
		};
		D037EF012B9F8900006ECF09 /* Release */ = {
			isa = XCBuildConfiguration;
			buildSettings = {
				ALWAYS_SEARCH_USER_PATHS = NO;
				ASSETCATALOG_COMPILER_GENERATE_SWIFT_ASSET_SYMBOL_EXTENSIONS = YES;
				CLANG_ANALYZER_NONNULL = YES;
				CLANG_ANALYZER_NUMBER_OBJECT_CONVERSION = YES_AGGRESSIVE;
				CLANG_CXX_LANGUAGE_STANDARD = "gnu++20";
				CLANG_ENABLE_MODULES = YES;
				CLANG_ENABLE_OBJC_ARC = YES;
				CLANG_ENABLE_OBJC_WEAK = YES;
				CLANG_WARN_BLOCK_CAPTURE_AUTORELEASING = YES;
				CLANG_WARN_BOOL_CONVERSION = YES;
				CLANG_WARN_COMMA = YES;
				CLANG_WARN_CONSTANT_CONVERSION = YES;
				CLANG_WARN_DEPRECATED_OBJC_IMPLEMENTATIONS = YES;
				CLANG_WARN_DIRECT_OBJC_ISA_USAGE = YES_ERROR;
				CLANG_WARN_DOCUMENTATION_COMMENTS = YES;
				CLANG_WARN_EMPTY_BODY = YES;
				CLANG_WARN_ENUM_CONVERSION = YES;
				CLANG_WARN_INFINITE_RECURSION = YES;
				CLANG_WARN_INT_CONVERSION = YES;
				CLANG_WARN_NON_LITERAL_NULL_CONVERSION = YES;
				CLANG_WARN_OBJC_IMPLICIT_RETAIN_SELF = YES;
				CLANG_WARN_OBJC_LITERAL_CONVERSION = YES;
				CLANG_WARN_OBJC_ROOT_CLASS = YES_ERROR;
				CLANG_WARN_QUOTED_INCLUDE_IN_FRAMEWORK_HEADER = YES;
				CLANG_WARN_RANGE_LOOP_ANALYSIS = YES;
				CLANG_WARN_STRICT_PROTOTYPES = YES;
				CLANG_WARN_SUSPICIOUS_MOVE = YES;
				CLANG_WARN_UNGUARDED_AVAILABILITY = YES_AGGRESSIVE;
				CLANG_WARN_UNREACHABLE_CODE = YES;
				CLANG_WARN__DUPLICATE_METHOD_MATCH = YES;
				COPY_PHASE_STRIP = NO;
				DEBUG_INFORMATION_FORMAT = "dwarf-with-dsym";
				ENABLE_NS_ASSERTIONS = NO;
				ENABLE_STRICT_OBJC_MSGSEND = YES;
				ENABLE_USER_SCRIPT_SANDBOXING = YES;
				GCC_C_LANGUAGE_STANDARD = gnu17;
				GCC_NO_COMMON_BLOCKS = YES;
				GCC_WARN_64_TO_32_BIT_CONVERSION = YES;
				GCC_WARN_ABOUT_RETURN_TYPE = YES_ERROR;
				GCC_WARN_UNDECLARED_SELECTOR = YES;
				GCC_WARN_UNINITIALIZED_AUTOS = YES_AGGRESSIVE;
				GCC_WARN_UNUSED_FUNCTION = YES;
				GCC_WARN_UNUSED_VARIABLE = YES;
				IPHONEOS_DEPLOYMENT_TARGET = 17.2;
				LOCALIZATION_PREFERS_STRING_CATALOGS = YES;
				MTL_ENABLE_DEBUG_INFO = NO;
				MTL_FAST_MATH = YES;
				SDKROOT = iphoneos;
				SWIFT_COMPILATION_MODE = wholemodule;
				VALIDATE_PRODUCT = YES;
			};
			name = Release;
		};
		D037EF032B9F8900006ECF09 /* Debug */ = {
			isa = XCBuildConfiguration;
			buildSettings = {
				ASSETCATALOG_COMPILER_APPICON_NAME = AppIcon;
				ASSETCATALOG_COMPILER_GLOBAL_ACCENT_COLOR_NAME = AccentColor;
				CODE_SIGN_STYLE = Automatic;
				CURRENT_PROJECT_VERSION = 1;
				DEVELOPMENT_ASSET_PATHS = "\"AuthFit/Preview Content\"";
				DEVELOPMENT_TEAM = VVQ9J45SJ2;
				ENABLE_PREVIEWS = YES;
				GENERATE_INFOPLIST_FILE = YES;
				INFOPLIST_KEY_UIApplicationSceneManifest_Generation = YES;
				INFOPLIST_KEY_UIApplicationSupportsIndirectInputEvents = YES;
				INFOPLIST_KEY_UILaunchScreen_Generation = YES;
				INFOPLIST_KEY_UISupportedInterfaceOrientations_iPad = "UIInterfaceOrientationPortrait UIInterfaceOrientationPortraitUpsideDown UIInterfaceOrientationLandscapeLeft UIInterfaceOrientationLandscapeRight";
				INFOPLIST_KEY_UISupportedInterfaceOrientations_iPhone = "UIInterfaceOrientationPortrait UIInterfaceOrientationLandscapeLeft UIInterfaceOrientationLandscapeRight";
				LD_RUNPATH_SEARCH_PATHS = (
					"$(inherited)",
					"@executable_path/Frameworks",
				);
				MARKETING_VERSION = 1.0;
				PRODUCT_BUNDLE_IDENTIFIER = "dev.swapnil-roy.AuthFit";
				PRODUCT_NAME = "$(TARGET_NAME)";
				SWIFT_EMIT_LOC_STRINGS = YES;
				SWIFT_VERSION = 5.0;
				TARGETED_DEVICE_FAMILY = "1,2";
			};
			name = Debug;
		};
		D037EF042B9F8900006ECF09 /* Release */ = {
			isa = XCBuildConfiguration;
			buildSettings = {
				ASSETCATALOG_COMPILER_APPICON_NAME = AppIcon;
				ASSETCATALOG_COMPILER_GLOBAL_ACCENT_COLOR_NAME = AccentColor;
				CODE_SIGN_STYLE = Automatic;
				CURRENT_PROJECT_VERSION = 1;
				DEVELOPMENT_ASSET_PATHS = "\"AuthFit/Preview Content\"";
				DEVELOPMENT_TEAM = VVQ9J45SJ2;
				ENABLE_PREVIEWS = YES;
				GENERATE_INFOPLIST_FILE = YES;
				INFOPLIST_KEY_UIApplicationSceneManifest_Generation = YES;
				INFOPLIST_KEY_UIApplicationSupportsIndirectInputEvents = YES;
				INFOPLIST_KEY_UILaunchScreen_Generation = YES;
				INFOPLIST_KEY_UISupportedInterfaceOrientations_iPad = "UIInterfaceOrientationPortrait UIInterfaceOrientationPortraitUpsideDown UIInterfaceOrientationLandscapeLeft UIInterfaceOrientationLandscapeRight";
				INFOPLIST_KEY_UISupportedInterfaceOrientations_iPhone = "UIInterfaceOrientationPortrait UIInterfaceOrientationLandscapeLeft UIInterfaceOrientationLandscapeRight";
				LD_RUNPATH_SEARCH_PATHS = (
					"$(inherited)",
					"@executable_path/Frameworks",
				);
				MARKETING_VERSION = 1.0;
				PRODUCT_BUNDLE_IDENTIFIER = "dev.swapnil-roy.AuthFit";
				PRODUCT_NAME = "$(TARGET_NAME)";
				SWIFT_EMIT_LOC_STRINGS = YES;
				SWIFT_VERSION = 5.0;
				TARGETED_DEVICE_FAMILY = "1,2";
			};
			name = Release;
		};
		D037EF062B9F8900006ECF09 /* Debug */ = {
			isa = XCBuildConfiguration;
			buildSettings = {
				ALWAYS_EMBED_SWIFT_STANDARD_LIBRARIES = YES;
				BUNDLE_LOADER = "$(TEST_HOST)";
				CODE_SIGN_STYLE = Automatic;
				CURRENT_PROJECT_VERSION = 1;
				DEVELOPMENT_TEAM = VVQ9J45SJ2;
				GENERATE_INFOPLIST_FILE = YES;
				IPHONEOS_DEPLOYMENT_TARGET = 17.2;
				MARKETING_VERSION = 1.0;
				PRODUCT_BUNDLE_IDENTIFIER = "dev.swapnil-roy.AuthFitTests";
				PRODUCT_NAME = "$(TARGET_NAME)";
				SWIFT_EMIT_LOC_STRINGS = NO;
				SWIFT_VERSION = 5.0;
				TARGETED_DEVICE_FAMILY = "1,2";
				TEST_HOST = "$(BUILT_PRODUCTS_DIR)/AuthFit.app/$(BUNDLE_EXECUTABLE_FOLDER_PATH)/AuthFit";
			};
			name = Debug;
		};
		D037EF072B9F8900006ECF09 /* Release */ = {
			isa = XCBuildConfiguration;
			buildSettings = {
				ALWAYS_EMBED_SWIFT_STANDARD_LIBRARIES = YES;
				BUNDLE_LOADER = "$(TEST_HOST)";
				CODE_SIGN_STYLE = Automatic;
				CURRENT_PROJECT_VERSION = 1;
				DEVELOPMENT_TEAM = VVQ9J45SJ2;
				GENERATE_INFOPLIST_FILE = YES;
				IPHONEOS_DEPLOYMENT_TARGET = 17.2;
				MARKETING_VERSION = 1.0;
				PRODUCT_BUNDLE_IDENTIFIER = "dev.swapnil-roy.AuthFitTests";
				PRODUCT_NAME = "$(TARGET_NAME)";
				SWIFT_EMIT_LOC_STRINGS = NO;
				SWIFT_VERSION = 5.0;
				TARGETED_DEVICE_FAMILY = "1,2";
				TEST_HOST = "$(BUILT_PRODUCTS_DIR)/AuthFit.app/$(BUNDLE_EXECUTABLE_FOLDER_PATH)/AuthFit";
			};
			name = Release;
		};
		D037EF092B9F8900006ECF09 /* Debug */ = {
			isa = XCBuildConfiguration;
			buildSettings = {
				ALWAYS_EMBED_SWIFT_STANDARD_LIBRARIES = YES;
				CODE_SIGN_STYLE = Automatic;
				CURRENT_PROJECT_VERSION = 1;
				DEVELOPMENT_TEAM = VVQ9J45SJ2;
				GENERATE_INFOPLIST_FILE = YES;
				MARKETING_VERSION = 1.0;
				PRODUCT_BUNDLE_IDENTIFIER = "dev.swapnil-roy.AuthFitUITests";
				PRODUCT_NAME = "$(TARGET_NAME)";
				SWIFT_EMIT_LOC_STRINGS = NO;
				SWIFT_VERSION = 5.0;
				TARGETED_DEVICE_FAMILY = "1,2";
				TEST_TARGET_NAME = AuthFit;
			};
			name = Debug;
		};
		D037EF0A2B9F8900006ECF09 /* Release */ = {
			isa = XCBuildConfiguration;
			buildSettings = {
				ALWAYS_EMBED_SWIFT_STANDARD_LIBRARIES = YES;
				CODE_SIGN_STYLE = Automatic;
				CURRENT_PROJECT_VERSION = 1;
				DEVELOPMENT_TEAM = VVQ9J45SJ2;
				GENERATE_INFOPLIST_FILE = YES;
				MARKETING_VERSION = 1.0;
				PRODUCT_BUNDLE_IDENTIFIER = "dev.swapnil-roy.AuthFitUITests";
				PRODUCT_NAME = "$(TARGET_NAME)";
				SWIFT_EMIT_LOC_STRINGS = NO;
				SWIFT_VERSION = 5.0;
				TARGETED_DEVICE_FAMILY = "1,2";
				TEST_TARGET_NAME = AuthFit;
			};
			name = Release;
		};
/* End XCBuildConfiguration section */

/* Begin XCConfigurationList section */
		D037EED92B9F88FF006ECF09 /* Build configuration list for PBXProject "AuthFit" */ = {
			isa = XCConfigurationList;
			buildConfigurations = (
				D037EF002B9F8900006ECF09 /* Debug */,
				D037EF012B9F8900006ECF09 /* Release */,
			);
			defaultConfigurationIsVisible = 0;
			defaultConfigurationName = Release;
		};
		D037EF022B9F8900006ECF09 /* Build configuration list for PBXNativeTarget "AuthFit" */ = {
			isa = XCConfigurationList;
			buildConfigurations = (
				D037EF032B9F8900006ECF09 /* Debug */,
				D037EF042B9F8900006ECF09 /* Release */,
			);
			defaultConfigurationIsVisible = 0;
			defaultConfigurationName = Release;
		};
		D037EF052B9F8900006ECF09 /* Build configuration list for PBXNativeTarget "AuthFitTests" */ = {
			isa = XCConfigurationList;
			buildConfigurations = (
				D037EF062B9F8900006ECF09 /* Debug */,
				D037EF072B9F8900006ECF09 /* Release */,
			);
			defaultConfigurationIsVisible = 0;
			defaultConfigurationName = Release;
		};
		D037EF082B9F8900006ECF09 /* Build configuration list for PBXNativeTarget "AuthFitUITests" */ = {
			isa = XCConfigurationList;
			buildConfigurations = (
				D037EF092B9F8900006ECF09 /* Debug */,
				D037EF0A2B9F8900006ECF09 /* Release */,
			);
			defaultConfigurationIsVisible = 0;
			defaultConfigurationName = Release;
		};
/* End XCConfigurationList section */

/* Begin XCRemoteSwiftPackageReference section */
		D08397732BA8BD690030806E /* XCRemoteSwiftPackageReference "firebase-ios-sdk" */ = {
			isa = XCRemoteSwiftPackageReference;
			repositoryURL = "https://github.com/firebase/firebase-ios-sdk";
			requirement = {
				kind = upToNextMajorVersion;
				minimumVersion = 10.22.1;
			};
		};
/* End XCRemoteSwiftPackageReference section */

/* Begin XCSwiftPackageProductDependency section */
		D08397742BA8BD690030806E /* FirebaseAuth */ = {
			isa = XCSwiftPackageProductDependency;
			package = D08397732BA8BD690030806E /* XCRemoteSwiftPackageReference "firebase-ios-sdk" */;
			productName = FirebaseAuth;
		};
		D08397762BA8BD690030806E /* FirebaseFirestore */ = {
			isa = XCSwiftPackageProductDependency;
			package = D08397732BA8BD690030806E /* XCRemoteSwiftPackageReference "firebase-ios-sdk" */;
			productName = FirebaseFirestore;
		};
		D08397782BA8BD690030806E /* FirebaseFirestoreSwift */ = {
			isa = XCSwiftPackageProductDependency;
			package = D08397732BA8BD690030806E /* XCRemoteSwiftPackageReference "firebase-ios-sdk" */;
			productName = FirebaseFirestoreSwift;
		};
		D083977A2BA8BD690030806E /* FirebaseStorage */ = {
			isa = XCSwiftPackageProductDependency;
			package = D08397732BA8BD690030806E /* XCRemoteSwiftPackageReference "firebase-ios-sdk" */;
			productName = FirebaseStorage;
		};
/* End XCSwiftPackageProductDependency section */
	};
	rootObject = D037EED62B9F88FF006ECF09 /* Project object */;
}
