// !$*UTF8*$!
{
	archiveVersion = 1;
	classes = {
	};
	objectVersion = 56;
	objects = {

/* Begin PBXBuildFile section */
		D085D4E62B8F4272001A4DF7 /* RandomTriviaAPIApp.swift in Sources */ = {isa = PBXBuildFile; fileRef = D085D4E52B8F4272001A4DF7 /* RandomTriviaAPIApp.swift */; };
		D085D4E82B8F4272001A4DF7 /* ContentView.swift in Sources */ = {isa = PBXBuildFile; fileRef = D085D4E72B8F4272001A4DF7 /* ContentView.swift */; };
		D085D4EA2B8F4274001A4DF7 /* Assets.xcassets in Resources */ = {isa = PBXBuildFile; fileRef = D085D4E92B8F4274001A4DF7 /* Assets.xcassets */; };
		D085D4ED2B8F4274001A4DF7 /* Preview Assets.xcassets in Resources */ = {isa = PBXBuildFile; fileRef = D085D4EC2B8F4274001A4DF7 /* Preview Assets.xcassets */; };
		D085D4F72B8F4274001A4DF7 /* RandomTriviaAPITests.swift in Sources */ = {isa = PBXBuildFile; fileRef = D085D4F62B8F4274001A4DF7 /* RandomTriviaAPITests.swift */; };
		D085D5012B8F4274001A4DF7 /* RandomTriviaAPIUITests.swift in Sources */ = {isa = PBXBuildFile; fileRef = D085D5002B8F4274001A4DF7 /* RandomTriviaAPIUITests.swift */; };
		D085D5032B8F4274001A4DF7 /* RandomTriviaAPIUITestsLaunchTests.swift in Sources */ = {isa = PBXBuildFile; fileRef = D085D5022B8F4274001A4DF7 /* RandomTriviaAPIUITestsLaunchTests.swift */; };
/* End PBXBuildFile section */

/* Begin PBXContainerItemProxy section */
		D085D4F32B8F4274001A4DF7 /* PBXContainerItemProxy */ = {
			isa = PBXContainerItemProxy;
			containerPortal = D085D4DA2B8F4272001A4DF7 /* Project object */;
			proxyType = 1;
			remoteGlobalIDString = D085D4E12B8F4272001A4DF7;
			remoteInfo = RandomTriviaAPI;
		};
		D085D4FD2B8F4274001A4DF7 /* PBXContainerItemProxy */ = {
			isa = PBXContainerItemProxy;
			containerPortal = D085D4DA2B8F4272001A4DF7 /* Project object */;
			proxyType = 1;
			remoteGlobalIDString = D085D4E12B8F4272001A4DF7;
			remoteInfo = RandomTriviaAPI;
		};
/* End PBXContainerItemProxy section */

/* Begin PBXFileReference section */
		D085D4E22B8F4272001A4DF7 /* RandomTriviaAPI.app */ = {isa = PBXFileReference; explicitFileType = wrapper.application; includeInIndex = 0; path = RandomTriviaAPI.app; sourceTree = BUILT_PRODUCTS_DIR; };
		D085D4E52B8F4272001A4DF7 /* RandomTriviaAPIApp.swift */ = {isa = PBXFileReference; lastKnownFileType = sourcecode.swift; path = RandomTriviaAPIApp.swift; sourceTree = "<group>"; };
		D085D4E72B8F4272001A4DF7 /* ContentView.swift */ = {isa = PBXFileReference; lastKnownFileType = sourcecode.swift; path = ContentView.swift; sourceTree = "<group>"; };
		D085D4E92B8F4274001A4DF7 /* Assets.xcassets */ = {isa = PBXFileReference; lastKnownFileType = folder.assetcatalog; path = Assets.xcassets; sourceTree = "<group>"; };
		D085D4EC2B8F4274001A4DF7 /* Preview Assets.xcassets */ = {isa = PBXFileReference; lastKnownFileType = folder.assetcatalog; path = "Preview Assets.xcassets"; sourceTree = "<group>"; };
		D085D4F22B8F4274001A4DF7 /* RandomTriviaAPITests.xctest */ = {isa = PBXFileReference; explicitFileType = wrapper.cfbundle; includeInIndex = 0; path = RandomTriviaAPITests.xctest; sourceTree = BUILT_PRODUCTS_DIR; };
		D085D4F62B8F4274001A4DF7 /* RandomTriviaAPITests.swift */ = {isa = PBXFileReference; lastKnownFileType = sourcecode.swift; path = RandomTriviaAPITests.swift; sourceTree = "<group>"; };
		D085D4FC2B8F4274001A4DF7 /* RandomTriviaAPIUITests.xctest */ = {isa = PBXFileReference; explicitFileType = wrapper.cfbundle; includeInIndex = 0; path = RandomTriviaAPIUITests.xctest; sourceTree = BUILT_PRODUCTS_DIR; };
		D085D5002B8F4274001A4DF7 /* RandomTriviaAPIUITests.swift */ = {isa = PBXFileReference; lastKnownFileType = sourcecode.swift; path = RandomTriviaAPIUITests.swift; sourceTree = "<group>"; };
		D085D5022B8F4274001A4DF7 /* RandomTriviaAPIUITestsLaunchTests.swift */ = {isa = PBXFileReference; lastKnownFileType = sourcecode.swift; path = RandomTriviaAPIUITestsLaunchTests.swift; sourceTree = "<group>"; };
/* End PBXFileReference section */

/* Begin PBXFrameworksBuildPhase section */
		D085D4DF2B8F4272001A4DF7 /* Frameworks */ = {
			isa = PBXFrameworksBuildPhase;
			buildActionMask = 2147483647;
			files = (
			);
			runOnlyForDeploymentPostprocessing = 0;
		};
		D085D4EF2B8F4274001A4DF7 /* Frameworks */ = {
			isa = PBXFrameworksBuildPhase;
			buildActionMask = 2147483647;
			files = (
			);
			runOnlyForDeploymentPostprocessing = 0;
		};
		D085D4F92B8F4274001A4DF7 /* Frameworks */ = {
			isa = PBXFrameworksBuildPhase;
			buildActionMask = 2147483647;
			files = (
			);
			runOnlyForDeploymentPostprocessing = 0;
		};
/* End PBXFrameworksBuildPhase section */

/* Begin PBXGroup section */
		D085D4D92B8F4272001A4DF7 = {
			isa = PBXGroup;
			children = (
				D085D4E42B8F4272001A4DF7 /* RandomTriviaAPI */,
				D085D4F52B8F4274001A4DF7 /* RandomTriviaAPITests */,
				D085D4FF2B8F4274001A4DF7 /* RandomTriviaAPIUITests */,
				D085D4E32B8F4272001A4DF7 /* Products */,
			);
			sourceTree = "<group>";
		};
		D085D4E32B8F4272001A4DF7 /* Products */ = {
			isa = PBXGroup;
			children = (
				D085D4E22B8F4272001A4DF7 /* RandomTriviaAPI.app */,
				D085D4F22B8F4274001A4DF7 /* RandomTriviaAPITests.xctest */,
				D085D4FC2B8F4274001A4DF7 /* RandomTriviaAPIUITests.xctest */,
			);
			name = Products;
			sourceTree = "<group>";
		};
		D085D4E42B8F4272001A4DF7 /* RandomTriviaAPI */ = {
			isa = PBXGroup;
			children = (
				D085D4E52B8F4272001A4DF7 /* RandomTriviaAPIApp.swift */,
				D085D4E72B8F4272001A4DF7 /* ContentView.swift */,
				D085D4E92B8F4274001A4DF7 /* Assets.xcassets */,
				D085D4EB2B8F4274001A4DF7 /* Preview Content */,
			);
			path = RandomTriviaAPI;
			sourceTree = "<group>";
		};
		D085D4EB2B8F4274001A4DF7 /* Preview Content */ = {
			isa = PBXGroup;
			children = (
				D085D4EC2B8F4274001A4DF7 /* Preview Assets.xcassets */,
			);
			path = "Preview Content";
			sourceTree = "<group>";
		};
		D085D4F52B8F4274001A4DF7 /* RandomTriviaAPITests */ = {
			isa = PBXGroup;
			children = (
				D085D4F62B8F4274001A4DF7 /* RandomTriviaAPITests.swift */,
			);
			path = RandomTriviaAPITests;
			sourceTree = "<group>";
		};
		D085D4FF2B8F4274001A4DF7 /* RandomTriviaAPIUITests */ = {
			isa = PBXGroup;
			children = (
				D085D5002B8F4274001A4DF7 /* RandomTriviaAPIUITests.swift */,
				D085D5022B8F4274001A4DF7 /* RandomTriviaAPIUITestsLaunchTests.swift */,
			);
			path = RandomTriviaAPIUITests;
			sourceTree = "<group>";
		};
/* End PBXGroup section */

/* Begin PBXNativeTarget section */
		D085D4E12B8F4272001A4DF7 /* RandomTriviaAPI */ = {
			isa = PBXNativeTarget;
			buildConfigurationList = D085D5062B8F4274001A4DF7 /* Build configuration list for PBXNativeTarget "RandomTriviaAPI" */;
			buildPhases = (
				D085D4DE2B8F4272001A4DF7 /* Sources */,
				D085D4DF2B8F4272001A4DF7 /* Frameworks */,
				D085D4E02B8F4272001A4DF7 /* Resources */,
			);
			buildRules = (
			);
			dependencies = (
			);
			name = RandomTriviaAPI;
			productName = RandomTriviaAPI;
			productReference = D085D4E22B8F4272001A4DF7 /* RandomTriviaAPI.app */;
			productType = "com.apple.product-type.application";
		};
		D085D4F12B8F4274001A4DF7 /* RandomTriviaAPITests */ = {
			isa = PBXNativeTarget;
			buildConfigurationList = D085D5092B8F4274001A4DF7 /* Build configuration list for PBXNativeTarget "RandomTriviaAPITests" */;
			buildPhases = (
				D085D4EE2B8F4274001A4DF7 /* Sources */,
				D085D4EF2B8F4274001A4DF7 /* Frameworks */,
				D085D4F02B8F4274001A4DF7 /* Resources */,
			);
			buildRules = (
			);
			dependencies = (
				D085D4F42B8F4274001A4DF7 /* PBXTargetDependency */,
			);
			name = RandomTriviaAPITests;
			productName = RandomTriviaAPITests;
			productReference = D085D4F22B8F4274001A4DF7 /* RandomTriviaAPITests.xctest */;
			productType = "com.apple.product-type.bundle.unit-test";
		};
		D085D4FB2B8F4274001A4DF7 /* RandomTriviaAPIUITests */ = {
			isa = PBXNativeTarget;
			buildConfigurationList = D085D50C2B8F4274001A4DF7 /* Build configuration list for PBXNativeTarget "RandomTriviaAPIUITests" */;
			buildPhases = (
				D085D4F82B8F4274001A4DF7 /* Sources */,
				D085D4F92B8F4274001A4DF7 /* Frameworks */,
				D085D4FA2B8F4274001A4DF7 /* Resources */,
			);
			buildRules = (
			);
			dependencies = (
				D085D4FE2B8F4274001A4DF7 /* PBXTargetDependency */,
			);
			name = RandomTriviaAPIUITests;
			productName = RandomTriviaAPIUITests;
			productReference = D085D4FC2B8F4274001A4DF7 /* RandomTriviaAPIUITests.xctest */;
			productType = "com.apple.product-type.bundle.ui-testing";
		};
/* End PBXNativeTarget section */

/* Begin PBXProject section */
		D085D4DA2B8F4272001A4DF7 /* Project object */ = {
			isa = PBXProject;
			attributes = {
				BuildIndependentTargetsInParallel = 1;
				LastSwiftUpdateCheck = 1520;
				LastUpgradeCheck = 1520;
				TargetAttributes = {
					D085D4E12B8F4272001A4DF7 = {
						CreatedOnToolsVersion = 15.2;
					};
					D085D4F12B8F4274001A4DF7 = {
						CreatedOnToolsVersion = 15.2;
						TestTargetID = D085D4E12B8F4272001A4DF7;
					};
					D085D4FB2B8F4274001A4DF7 = {
						CreatedOnToolsVersion = 15.2;
						TestTargetID = D085D4E12B8F4272001A4DF7;
					};
				};
			};
			buildConfigurationList = D085D4DD2B8F4272001A4DF7 /* Build configuration list for PBXProject "RandomTriviaAPI" */;
			compatibilityVersion = "Xcode 14.0";
			developmentRegion = en;
			hasScannedForEncodings = 0;
			knownRegions = (
				en,
				Base,
			);
			mainGroup = D085D4D92B8F4272001A4DF7;
			productRefGroup = D085D4E32B8F4272001A4DF7 /* Products */;
			projectDirPath = "";
			projectRoot = "";
			targets = (
				D085D4E12B8F4272001A4DF7 /* RandomTriviaAPI */,
				D085D4F12B8F4274001A4DF7 /* RandomTriviaAPITests */,
				D085D4FB2B8F4274001A4DF7 /* RandomTriviaAPIUITests */,
			);
		};
/* End PBXProject section */

/* Begin PBXResourcesBuildPhase section */
		D085D4E02B8F4272001A4DF7 /* Resources */ = {
			isa = PBXResourcesBuildPhase;
			buildActionMask = 2147483647;
			files = (
				D085D4ED2B8F4274001A4DF7 /* Preview Assets.xcassets in Resources */,
				D085D4EA2B8F4274001A4DF7 /* Assets.xcassets in Resources */,
			);
			runOnlyForDeploymentPostprocessing = 0;
		};
		D085D4F02B8F4274001A4DF7 /* Resources */ = {
			isa = PBXResourcesBuildPhase;
			buildActionMask = 2147483647;
			files = (
			);
			runOnlyForDeploymentPostprocessing = 0;
		};
		D085D4FA2B8F4274001A4DF7 /* Resources */ = {
			isa = PBXResourcesBuildPhase;
			buildActionMask = 2147483647;
			files = (
			);
			runOnlyForDeploymentPostprocessing = 0;
		};
/* End PBXResourcesBuildPhase section */

/* Begin PBXSourcesBuildPhase section */
		D085D4DE2B8F4272001A4DF7 /* Sources */ = {
			isa = PBXSourcesBuildPhase;
			buildActionMask = 2147483647;
			files = (
				D085D4E82B8F4272001A4DF7 /* ContentView.swift in Sources */,
				D085D4E62B8F4272001A4DF7 /* RandomTriviaAPIApp.swift in Sources */,
			);
			runOnlyForDeploymentPostprocessing = 0;
		};
		D085D4EE2B8F4274001A4DF7 /* Sources */ = {
			isa = PBXSourcesBuildPhase;
			buildActionMask = 2147483647;
			files = (
				D085D4F72B8F4274001A4DF7 /* RandomTriviaAPITests.swift in Sources */,
			);
			runOnlyForDeploymentPostprocessing = 0;
		};
		D085D4F82B8F4274001A4DF7 /* Sources */ = {
			isa = PBXSourcesBuildPhase;
			buildActionMask = 2147483647;
			files = (
				D085D5012B8F4274001A4DF7 /* RandomTriviaAPIUITests.swift in Sources */,
				D085D5032B8F4274001A4DF7 /* RandomTriviaAPIUITestsLaunchTests.swift in Sources */,
			);
			runOnlyForDeploymentPostprocessing = 0;
		};
/* End PBXSourcesBuildPhase section */

/* Begin PBXTargetDependency section */
		D085D4F42B8F4274001A4DF7 /* PBXTargetDependency */ = {
			isa = PBXTargetDependency;
			target = D085D4E12B8F4272001A4DF7 /* RandomTriviaAPI */;
			targetProxy = D085D4F32B8F4274001A4DF7 /* PBXContainerItemProxy */;
		};
		D085D4FE2B8F4274001A4DF7 /* PBXTargetDependency */ = {
			isa = PBXTargetDependency;
			target = D085D4E12B8F4272001A4DF7 /* RandomTriviaAPI */;
			targetProxy = D085D4FD2B8F4274001A4DF7 /* PBXContainerItemProxy */;
		};
/* End PBXTargetDependency section */

/* Begin XCBuildConfiguration section */
		D085D5042B8F4274001A4DF7 /* Debug */ = {
			isa = XCBuildConfiguration;
			buildSettings = {
				ALWAYS_SEARCH_USER_PATHS = NO;
				ASSETCATALOG_COMPILER_GENERATE_SWIFT_ASSET_SYMBOL_EXTENSIONS = YES;
				CLANG_ANALYZER_NONNULL = YES;
				CLANG_ANALYZER_NUMBER_OBJECT_CONVERSION = YES_AGGRESSIVE;
				CLANG_CXX_LANGUAGE_STANDARD = "gnu++20";
				CLANG_ENABLE_MODULES = YES;
				CLANG_ENABLE_OBJC_ARC = YES;
				CLANG_ENABLE_OBJC_WEAK = YES;
				CLANG_WARN_BLOCK_CAPTURE_AUTORELEASING = YES;
				CLANG_WARN_BOOL_CONVERSION = YES;
				CLANG_WARN_COMMA = YES;
				CLANG_WARN_CONSTANT_CONVERSION = YES;
				CLANG_WARN_DEPRECATED_OBJC_IMPLEMENTATIONS = YES;
				CLANG_WARN_DIRECT_OBJC_ISA_USAGE = YES_ERROR;
				CLANG_WARN_DOCUMENTATION_COMMENTS = YES;
				CLANG_WARN_EMPTY_BODY = YES;
				CLANG_WARN_ENUM_CONVERSION = YES;
				CLANG_WARN_INFINITE_RECURSION = YES;
				CLANG_WARN_INT_CONVERSION = YES;
				CLANG_WARN_NON_LITERAL_NULL_CONVERSION = YES;
				CLANG_WARN_OBJC_IMPLICIT_RETAIN_SELF = YES;
				CLANG_WARN_OBJC_LITERAL_CONVERSION = YES;
				CLANG_WARN_OBJC_ROOT_CLASS = YES_ERROR;
				CLANG_WARN_QUOTED_INCLUDE_IN_FRAMEWORK_HEADER = YES;
				CLANG_WARN_RANGE_LOOP_ANALYSIS = YES;
				CLANG_WARN_STRICT_PROTOTYPES = YES;
				CLANG_WARN_SUSPICIOUS_MOVE = YES;
				CLANG_WARN_UNGUARDED_AVAILABILITY = YES_AGGRESSIVE;
				CLANG_WARN_UNREACHABLE_CODE = YES;
				CLANG_WARN__DUPLICATE_METHOD_MATCH = YES;
				COPY_PHASE_STRIP = NO;
				DEBUG_INFORMATION_FORMAT = dwarf;
				ENABLE_STRICT_OBJC_MSGSEND = YES;
				ENABLE_TESTABILITY = YES;
				ENABLE_USER_SCRIPT_SANDBOXING = YES;
				GCC_C_LANGUAGE_STANDARD = gnu17;
				GCC_DYNAMIC_NO_PIC = NO;
				GCC_NO_COMMON_BLOCKS = YES;
				GCC_OPTIMIZATION_LEVEL = 0;
				GCC_PREPROCESSOR_DEFINITIONS = (
					"DEBUG=1",
					"$(inherited)",
				);
				GCC_WARN_64_TO_32_BIT_CONVERSION = YES;
				GCC_WARN_ABOUT_RETURN_TYPE = YES_ERROR;
				GCC_WARN_UNDECLARED_SELECTOR = YES;
				GCC_WARN_UNINITIALIZED_AUTOS = YES_AGGRESSIVE;
				GCC_WARN_UNUSED_FUNCTION = YES;
				GCC_WARN_UNUSED_VARIABLE = YES;
				IPHONEOS_DEPLOYMENT_TARGET = 17.2;
				LOCALIZATION_PREFERS_STRING_CATALOGS = YES;
				MTL_ENABLE_DEBUG_INFO = INCLUDE_SOURCE;
				MTL_FAST_MATH = YES;
				ONLY_ACTIVE_ARCH = YES;
				SDKROOT = iphoneos;
				SWIFT_ACTIVE_COMPILATION_CONDITIONS = "DEBUG $(inherited)";
				SWIFT_OPTIMIZATION_LEVEL = "-Onone";
			};
			name = Debug;
		};
		D085D5052B8F4274001A4DF7 /* Release */ = {
			isa = XCBuildConfiguration;
			buildSettings = {
				ALWAYS_SEARCH_USER_PATHS = NO;
				ASSETCATALOG_COMPILER_GENERATE_SWIFT_ASSET_SYMBOL_EXTENSIONS = YES;
				CLANG_ANALYZER_NONNULL = YES;
				CLANG_ANALYZER_NUMBER_OBJECT_CONVERSION = YES_AGGRESSIVE;
				CLANG_CXX_LANGUAGE_STANDARD = "gnu++20";
				CLANG_ENABLE_MODULES = YES;
				CLANG_ENABLE_OBJC_ARC = YES;
				CLANG_ENABLE_OBJC_WEAK = YES;
				CLANG_WARN_BLOCK_CAPTURE_AUTORELEASING = YES;
				CLANG_WARN_BOOL_CONVERSION = YES;
				CLANG_WARN_COMMA = YES;
				CLANG_WARN_CONSTANT_CONVERSION = YES;
				CLANG_WARN_DEPRECATED_OBJC_IMPLEMENTATIONS = YES;
				CLANG_WARN_DIRECT_OBJC_ISA_USAGE = YES_ERROR;
				CLANG_WARN_DOCUMENTATION_COMMENTS = YES;
				CLANG_WARN_EMPTY_BODY = YES;
				CLANG_WARN_ENUM_CONVERSION = YES;
				CLANG_WARN_INFINITE_RECURSION = YES;
				CLANG_WARN_INT_CONVERSION = YES;
				CLANG_WARN_NON_LITERAL_NULL_CONVERSION = YES;
				CLANG_WARN_OBJC_IMPLICIT_RETAIN_SELF = YES;
				CLANG_WARN_OBJC_LITERAL_CONVERSION = YES;
				CLANG_WARN_OBJC_ROOT_CLASS = YES_ERROR;
				CLANG_WARN_QUOTED_INCLUDE_IN_FRAMEWORK_HEADER = YES;
				CLANG_WARN_RANGE_LOOP_ANALYSIS = YES;
				CLANG_WARN_STRICT_PROTOTYPES = YES;
				CLANG_WARN_SUSPICIOUS_MOVE = YES;
				CLANG_WARN_UNGUARDED_AVAILABILITY = YES_AGGRESSIVE;
				CLANG_WARN_UNREACHABLE_CODE = YES;
				CLANG_WARN__DUPLICATE_METHOD_MATCH = YES;
				COPY_PHASE_STRIP = NO;
				DEBUG_INFORMATION_FORMAT = "dwarf-with-dsym";
				ENABLE_NS_ASSERTIONS = NO;
				ENABLE_STRICT_OBJC_MSGSEND = YES;
				ENABLE_USER_SCRIPT_SANDBOXING = YES;
				GCC_C_LANGUAGE_STANDARD = gnu17;
				GCC_NO_COMMON_BLOCKS = YES;
				GCC_WARN_64_TO_32_BIT_CONVERSION = YES;
				GCC_WARN_ABOUT_RETURN_TYPE = YES_ERROR;
				GCC_WARN_UNDECLARED_SELECTOR = YES;
				GCC_WARN_UNINITIALIZED_AUTOS = YES_AGGRESSIVE;
				GCC_WARN_UNUSED_FUNCTION = YES;
				GCC_WARN_UNUSED_VARIABLE = YES;
				IPHONEOS_DEPLOYMENT_TARGET = 17.2;
				LOCALIZATION_PREFERS_STRING_CATALOGS = YES;
				MTL_ENABLE_DEBUG_INFO = NO;
				MTL_FAST_MATH = YES;
				SDKROOT = iphoneos;
				SWIFT_COMPILATION_MODE = wholemodule;
				VALIDATE_PRODUCT = YES;
			};
			name = Release;
		};
		D085D5072B8F4274001A4DF7 /* Debug */ = {
			isa = XCBuildConfiguration;
			buildSettings = {
				ASSETCATALOG_COMPILER_APPICON_NAME = AppIcon;
				ASSETCATALOG_COMPILER_GLOBAL_ACCENT_COLOR_NAME = AccentColor;
				CODE_SIGN_STYLE = Automatic;
				CURRENT_PROJECT_VERSION = 1;
				DEVELOPMENT_ASSET_PATHS = "\"RandomTriviaAPI/Preview Content\"";
				DEVELOPMENT_TEAM = VVQ9J45SJ2;
				ENABLE_PREVIEWS = YES;
				GENERATE_INFOPLIST_FILE = YES;
				INFOPLIST_KEY_UIApplicationSceneManifest_Generation = YES;
				INFOPLIST_KEY_UIApplicationSupportsIndirectInputEvents = YES;
				INFOPLIST_KEY_UILaunchScreen_Generation = YES;
				INFOPLIST_KEY_UISupportedInterfaceOrientations_iPad = "UIInterfaceOrientationPortrait UIInterfaceOrientationPortraitUpsideDown UIInterfaceOrientationLandscapeLeft UIInterfaceOrientationLandscapeRight";
				INFOPLIST_KEY_UISupportedInterfaceOrientations_iPhone = "UIInterfaceOrientationPortrait UIInterfaceOrientationLandscapeLeft UIInterfaceOrientationLandscapeRight";
				LD_RUNPATH_SEARCH_PATHS = (
					"$(inherited)",
					"@executable_path/Frameworks",
				);
				MARKETING_VERSION = 1.0;
				PRODUCT_BUNDLE_IDENTIFIER = "dev.swapnil-roy.RandomTriviaAPI";
				PRODUCT_NAME = "$(TARGET_NAME)";
				SWIFT_EMIT_LOC_STRINGS = YES;
				SWIFT_VERSION = 5.0;
				TARGETED_DEVICE_FAMILY = "1,2";
			};
			name = Debug;
		};
		D085D5082B8F4274001A4DF7 /* Release */ = {
			isa = XCBuildConfiguration;
			buildSettings = {
				ASSETCATALOG_COMPILER_APPICON_NAME = AppIcon;
				ASSETCATALOG_COMPILER_GLOBAL_ACCENT_COLOR_NAME = AccentColor;
				CODE_SIGN_STYLE = Automatic;
				CURRENT_PROJECT_VERSION = 1;
				DEVELOPMENT_ASSET_PATHS = "\"RandomTriviaAPI/Preview Content\"";
				DEVELOPMENT_TEAM = VVQ9J45SJ2;
				ENABLE_PREVIEWS = YES;
				GENERATE_INFOPLIST_FILE = YES;
				INFOPLIST_KEY_UIApplicationSceneManifest_Generation = YES;
				INFOPLIST_KEY_UIApplicationSupportsIndirectInputEvents = YES;
				INFOPLIST_KEY_UILaunchScreen_Generation = YES;
				INFOPLIST_KEY_UISupportedInterfaceOrientations_iPad = "UIInterfaceOrientationPortrait UIInterfaceOrientationPortraitUpsideDown UIInterfaceOrientationLandscapeLeft UIInterfaceOrientationLandscapeRight";
				INFOPLIST_KEY_UISupportedInterfaceOrientations_iPhone = "UIInterfaceOrientationPortrait UIInterfaceOrientationLandscapeLeft UIInterfaceOrientationLandscapeRight";
				LD_RUNPATH_SEARCH_PATHS = (
					"$(inherited)",
					"@executable_path/Frameworks",
				);
				MARKETING_VERSION = 1.0;
				PRODUCT_BUNDLE_IDENTIFIER = "dev.swapnil-roy.RandomTriviaAPI";
				PRODUCT_NAME = "$(TARGET_NAME)";
				SWIFT_EMIT_LOC_STRINGS = YES;
				SWIFT_VERSION = 5.0;
				TARGETED_DEVICE_FAMILY = "1,2";
			};
			name = Release;
		};
		D085D50A2B8F4274001A4DF7 /* Debug */ = {
			isa = XCBuildConfiguration;
			buildSettings = {
				ALWAYS_EMBED_SWIFT_STANDARD_LIBRARIES = YES;
				BUNDLE_LOADER = "$(TEST_HOST)";
				CODE_SIGN_STYLE = Automatic;
				CURRENT_PROJECT_VERSION = 1;
				DEVELOPMENT_TEAM = VVQ9J45SJ2;
				GENERATE_INFOPLIST_FILE = YES;
				IPHONEOS_DEPLOYMENT_TARGET = 17.2;
				MARKETING_VERSION = 1.0;
				PRODUCT_BUNDLE_IDENTIFIER = "dev.swapnil-roy.RandomTriviaAPITests";
				PRODUCT_NAME = "$(TARGET_NAME)";
				SWIFT_EMIT_LOC_STRINGS = NO;
				SWIFT_VERSION = 5.0;
				TARGETED_DEVICE_FAMILY = "1,2";
				TEST_HOST = "$(BUILT_PRODUCTS_DIR)/RandomTriviaAPI.app/$(BUNDLE_EXECUTABLE_FOLDER_PATH)/RandomTriviaAPI";
			};
			name = Debug;
		};
		D085D50B2B8F4274001A4DF7 /* Release */ = {
			isa = XCBuildConfiguration;
			buildSettings = {
				ALWAYS_EMBED_SWIFT_STANDARD_LIBRARIES = YES;
				BUNDLE_LOADER = "$(TEST_HOST)";
				CODE_SIGN_STYLE = Automatic;
				CURRENT_PROJECT_VERSION = 1;
				DEVELOPMENT_TEAM = VVQ9J45SJ2;
				GENERATE_INFOPLIST_FILE = YES;
				IPHONEOS_DEPLOYMENT_TARGET = 17.2;
				MARKETING_VERSION = 1.0;
				PRODUCT_BUNDLE_IDENTIFIER = "dev.swapnil-roy.RandomTriviaAPITests";
				PRODUCT_NAME = "$(TARGET_NAME)";
				SWIFT_EMIT_LOC_STRINGS = NO;
				SWIFT_VERSION = 5.0;
				TARGETED_DEVICE_FAMILY = "1,2";
				TEST_HOST = "$(BUILT_PRODUCTS_DIR)/RandomTriviaAPI.app/$(BUNDLE_EXECUTABLE_FOLDER_PATH)/RandomTriviaAPI";
			};
			name = Release;
		};
		D085D50D2B8F4274001A4DF7 /* Debug */ = {
			isa = XCBuildConfiguration;
			buildSettings = {
				ALWAYS_EMBED_SWIFT_STANDARD_LIBRARIES = YES;
				CODE_SIGN_STYLE = Automatic;
				CURRENT_PROJECT_VERSION = 1;
				DEVELOPMENT_TEAM = VVQ9J45SJ2;
				GENERATE_INFOPLIST_FILE = YES;
				MARKETING_VERSION = 1.0;
				PRODUCT_BUNDLE_IDENTIFIER = "dev.swapnil-roy.RandomTriviaAPIUITests";
				PRODUCT_NAME = "$(TARGET_NAME)";
				SWIFT_EMIT_LOC_STRINGS = NO;
				SWIFT_VERSION = 5.0;
				TARGETED_DEVICE_FAMILY = "1,2";
				TEST_TARGET_NAME = RandomTriviaAPI;
			};
			name = Debug;
		};
		D085D50E2B8F4274001A4DF7 /* Release */ = {
			isa = XCBuildConfiguration;
			buildSettings = {
				ALWAYS_EMBED_SWIFT_STANDARD_LIBRARIES = YES;
				CODE_SIGN_STYLE = Automatic;
				CURRENT_PROJECT_VERSION = 1;
				DEVELOPMENT_TEAM = VVQ9J45SJ2;
				GENERATE_INFOPLIST_FILE = YES;
				MARKETING_VERSION = 1.0;
				PRODUCT_BUNDLE_IDENTIFIER = "dev.swapnil-roy.RandomTriviaAPIUITests";
				PRODUCT_NAME = "$(TARGET_NAME)";
				SWIFT_EMIT_LOC_STRINGS = NO;
				SWIFT_VERSION = 5.0;
				TARGETED_DEVICE_FAMILY = "1,2";
				TEST_TARGET_NAME = RandomTriviaAPI;
			};
			name = Release;
		};
/* End XCBuildConfiguration section */

/* Begin XCConfigurationList section */
		D085D4DD2B8F4272001A4DF7 /* Build configuration list for PBXProject "RandomTriviaAPI" */ = {
			isa = XCConfigurationList;
			buildConfigurations = (
				D085D5042B8F4274001A4DF7 /* Debug */,
				D085D5052B8F4274001A4DF7 /* Release */,
			);
			defaultConfigurationIsVisible = 0;
			defaultConfigurationName = Release;
		};
		D085D5062B8F4274001A4DF7 /* Build configuration list for PBXNativeTarget "RandomTriviaAPI" */ = {
			isa = XCConfigurationList;
			buildConfigurations = (
				D085D5072B8F4274001A4DF7 /* Debug */,
				D085D5082B8F4274001A4DF7 /* Release */,
			);
			defaultConfigurationIsVisible = 0;
			defaultConfigurationName = Release;
		};
		D085D5092B8F4274001A4DF7 /* Build configuration list for PBXNativeTarget "RandomTriviaAPITests" */ = {
			isa = XCConfigurationList;
			buildConfigurations = (
				D085D50A2B8F4274001A4DF7 /* Debug */,
				D085D50B2B8F4274001A4DF7 /* Release */,
			);
			defaultConfigurationIsVisible = 0;
			defaultConfigurationName = Release;
		};
		D085D50C2B8F4274001A4DF7 /* Build configuration list for PBXNativeTarget "RandomTriviaAPIUITests" */ = {
			isa = XCConfigurationList;
			buildConfigurations = (
				D085D50D2B8F4274001A4DF7 /* Debug */,
				D085D50E2B8F4274001A4DF7 /* Release */,
			);
			defaultConfigurationIsVisible = 0;
			defaultConfigurationName = Release;
		};
/* End XCConfigurationList section */
	};
	rootObject = D085D4DA2B8F4272001A4DF7 /* Project object */;
}
