// !$*UTF8*$!
{
	archiveVersion = 1;
	classes = {
	};
	objectVersion = 56;
	objects = {

/* Begin PBXBuildFile section */
		D0082F6B2B9A63B900534188 /* MapProjectApp.swift in Sources */ = {isa = PBXBuildFile; fileRef = D0082F6A2B9A63B900534188 /* MapProjectApp.swift */; };
		D0082F6D2B9A63B900534188 /* ContentView.swift in Sources */ = {isa = PBXBuildFile; fileRef = D0082F6C2B9A63B900534188 /* ContentView.swift */; };
		D0082F6F2B9A63BA00534188 /* Assets.xcassets in Resources */ = {isa = PBXBuildFile; fileRef = D0082F6E2B9A63BA00534188 /* Assets.xcassets */; };
		D0082F722B9A63BA00534188 /* Preview Assets.xcassets in Resources */ = {isa = PBXBuildFile; fileRef = D0082F712B9A63BA00534188 /* Preview Assets.xcassets */; };
		D0082F7C2B9A63BA00534188 /* MapProjectTests.swift in Sources */ = {isa = PBXBuildFile; fileRef = D0082F7B2B9A63BA00534188 /* MapProjectTests.swift */; };
		D0082F862B9A63BA00534188 /* MapProjectUITests.swift in Sources */ = {isa = PBXBuildFile; fileRef = D0082F852B9A63BA00534188 /* MapProjectUITests.swift */; };
		D0082F882B9A63BA00534188 /* MapProjectUITestsLaunchTests.swift in Sources */ = {isa = PBXBuildFile; fileRef = D0082F872B9A63BA00534188 /* MapProjectUITestsLaunchTests.swift */; };
		D0082F952B9A63CB00534188 /* MapView.swift in Sources */ = {isa = PBXBuildFile; fileRef = D0082F942B9A63CB00534188 /* MapView.swift */; };
/* End PBXBuildFile section */

/* Begin PBXContainerItemProxy section */
		D0082F782B9A63BA00534188 /* PBXContainerItemProxy */ = {
			isa = PBXContainerItemProxy;
			containerPortal = D0082F5F2B9A63B900534188 /* Project object */;
			proxyType = 1;
			remoteGlobalIDString = D0082F662B9A63B900534188;
			remoteInfo = MapProject;
		};
		D0082F822B9A63BA00534188 /* PBXContainerItemProxy */ = {
			isa = PBXContainerItemProxy;
			containerPortal = D0082F5F2B9A63B900534188 /* Project object */;
			proxyType = 1;
			remoteGlobalIDString = D0082F662B9A63B900534188;
			remoteInfo = MapProject;
		};
/* End PBXContainerItemProxy section */

/* Begin PBXFileReference section */
		D0082F672B9A63B900534188 /* MapProject.app */ = {isa = PBXFileReference; explicitFileType = wrapper.application; includeInIndex = 0; path = MapProject.app; sourceTree = BUILT_PRODUCTS_DIR; };
		D0082F6A2B9A63B900534188 /* MapProjectApp.swift */ = {isa = PBXFileReference; lastKnownFileType = sourcecode.swift; path = MapProjectApp.swift; sourceTree = "<group>"; };
		D0082F6C2B9A63B900534188 /* ContentView.swift */ = {isa = PBXFileReference; lastKnownFileType = sourcecode.swift; path = ContentView.swift; sourceTree = "<group>"; };
		D0082F6E2B9A63BA00534188 /* Assets.xcassets */ = {isa = PBXFileReference; lastKnownFileType = folder.assetcatalog; path = Assets.xcassets; sourceTree = "<group>"; };
		D0082F712B9A63BA00534188 /* Preview Assets.xcassets */ = {isa = PBXFileReference; lastKnownFileType = folder.assetcatalog; path = "Preview Assets.xcassets"; sourceTree = "<group>"; };
		D0082F772B9A63BA00534188 /* MapProjectTests.xctest */ = {isa = PBXFileReference; explicitFileType = wrapper.cfbundle; includeInIndex = 0; path = MapProjectTests.xctest; sourceTree = BUILT_PRODUCTS_DIR; };
		D0082F7B2B9A63BA00534188 /* MapProjectTests.swift */ = {isa = PBXFileReference; lastKnownFileType = sourcecode.swift; path = MapProjectTests.swift; sourceTree = "<group>"; };
		D0082F812B9A63BA00534188 /* MapProjectUITests.xctest */ = {isa = PBXFileReference; explicitFileType = wrapper.cfbundle; includeInIndex = 0; path = MapProjectUITests.xctest; sourceTree = BUILT_PRODUCTS_DIR; };
		D0082F852B9A63BA00534188 /* MapProjectUITests.swift */ = {isa = PBXFileReference; lastKnownFileType = sourcecode.swift; path = MapProjectUITests.swift; sourceTree = "<group>"; };
		D0082F872B9A63BA00534188 /* MapProjectUITestsLaunchTests.swift */ = {isa = PBXFileReference; lastKnownFileType = sourcecode.swift; path = MapProjectUITestsLaunchTests.swift; sourceTree = "<group>"; };
		D0082F942B9A63CB00534188 /* MapView.swift */ = {isa = PBXFileReference; lastKnownFileType = sourcecode.swift; path = MapView.swift; sourceTree = "<group>"; };
/* End PBXFileReference section */

/* Begin PBXFrameworksBuildPhase section */
		D0082F642B9A63B900534188 /* Frameworks */ = {
			isa = PBXFrameworksBuildPhase;
			buildActionMask = 2147483647;
			files = (
			);
			runOnlyForDeploymentPostprocessing = 0;
		};
		D0082F742B9A63BA00534188 /* Frameworks */ = {
			isa = PBXFrameworksBuildPhase;
			buildActionMask = 2147483647;
			files = (
			);
			runOnlyForDeploymentPostprocessing = 0;
		};
		D0082F7E2B9A63BA00534188 /* Frameworks */ = {
			isa = PBXFrameworksBuildPhase;
			buildActionMask = 2147483647;
			files = (
			);
			runOnlyForDeploymentPostprocessing = 0;
		};
/* End PBXFrameworksBuildPhase section */

/* Begin PBXGroup section */
		D0082F5E2B9A63B900534188 = {
			isa = PBXGroup;
			children = (
				D0082F692B9A63B900534188 /* MapProject */,
				D0082F7A2B9A63BA00534188 /* MapProjectTests */,
				D0082F842B9A63BA00534188 /* MapProjectUITests */,
				D0082F682B9A63B900534188 /* Products */,
			);
			sourceTree = "<group>";
		};
		D0082F682B9A63B900534188 /* Products */ = {
			isa = PBXGroup;
			children = (
				D0082F672B9A63B900534188 /* MapProject.app */,
				D0082F772B9A63BA00534188 /* MapProjectTests.xctest */,
				D0082F812B9A63BA00534188 /* MapProjectUITests.xctest */,
			);
			name = Products;
			sourceTree = "<group>";
		};
		D0082F692B9A63B900534188 /* MapProject */ = {
			isa = PBXGroup;
			children = (
				D0082F6A2B9A63B900534188 /* MapProjectApp.swift */,
				D0C1EA362BBB2FC000050326 /* Views */,
				D0082F6E2B9A63BA00534188 /* Assets.xcassets */,
				D0082F702B9A63BA00534188 /* Preview Content */,
			);
			path = MapProject;
			sourceTree = "<group>";
		};
		D0082F702B9A63BA00534188 /* Preview Content */ = {
			isa = PBXGroup;
			children = (
				D0082F712B9A63BA00534188 /* Preview Assets.xcassets */,
			);
			path = "Preview Content";
			sourceTree = "<group>";
		};
		D0082F7A2B9A63BA00534188 /* MapProjectTests */ = {
			isa = PBXGroup;
			children = (
				D0082F7B2B9A63BA00534188 /* MapProjectTests.swift */,
			);
			path = MapProjectTests;
			sourceTree = "<group>";
		};
		D0082F842B9A63BA00534188 /* MapProjectUITests */ = {
			isa = PBXGroup;
			children = (
				D0082F852B9A63BA00534188 /* MapProjectUITests.swift */,
				D0082F872B9A63BA00534188 /* MapProjectUITestsLaunchTests.swift */,
			);
			path = MapProjectUITests;
			sourceTree = "<group>";
		};
		D0C1EA362BBB2FC000050326 /* Views */ = {
			isa = PBXGroup;
			children = (
				D0C1EA382BBB2FE800050326 /* Root */,
				D0C1EA372BBB2FCA00050326 /* Maps */,
			);
			path = Views;
			sourceTree = "<group>";
		};
		D0C1EA372BBB2FCA00050326 /* Maps */ = {
			isa = PBXGroup;
			children = (
				D0082F942B9A63CB00534188 /* MapView.swift */,
			);
			path = Maps;
			sourceTree = "<group>";
		};
		D0C1EA382BBB2FE800050326 /* Root */ = {
			isa = PBXGroup;
			children = (
				D0082F6C2B9A63B900534188 /* ContentView.swift */,
			);
			path = Root;
			sourceTree = "<group>";
		};
/* End PBXGroup section */

/* Begin PBXNativeTarget section */
		D0082F662B9A63B900534188 /* MapProject */ = {
			isa = PBXNativeTarget;
			buildConfigurationList = D0082F8B2B9A63BA00534188 /* Build configuration list for PBXNativeTarget "MapProject" */;
			buildPhases = (
				D0082F632B9A63B900534188 /* Sources */,
				D0082F642B9A63B900534188 /* Frameworks */,
				D0082F652B9A63B900534188 /* Resources */,
			);
			buildRules = (
			);
			dependencies = (
			);
			name = MapProject;
			productName = MapProject;
			productReference = D0082F672B9A63B900534188 /* MapProject.app */;
			productType = "com.apple.product-type.application";
		};
		D0082F762B9A63BA00534188 /* MapProjectTests */ = {
			isa = PBXNativeTarget;
			buildConfigurationList = D0082F8E2B9A63BA00534188 /* Build configuration list for PBXNativeTarget "MapProjectTests" */;
			buildPhases = (
				D0082F732B9A63BA00534188 /* Sources */,
				D0082F742B9A63BA00534188 /* Frameworks */,
				D0082F752B9A63BA00534188 /* Resources */,
			);
			buildRules = (
			);
			dependencies = (
				D0082F792B9A63BA00534188 /* PBXTargetDependency */,
			);
			name = MapProjectTests;
			productName = MapProjectTests;
			productReference = D0082F772B9A63BA00534188 /* MapProjectTests.xctest */;
			productType = "com.apple.product-type.bundle.unit-test";
		};
		D0082F802B9A63BA00534188 /* MapProjectUITests */ = {
			isa = PBXNativeTarget;
			buildConfigurationList = D0082F912B9A63BA00534188 /* Build configuration list for PBXNativeTarget "MapProjectUITests" */;
			buildPhases = (
				D0082F7D2B9A63BA00534188 /* Sources */,
				D0082F7E2B9A63BA00534188 /* Frameworks */,
				D0082F7F2B9A63BA00534188 /* Resources */,
			);
			buildRules = (
			);
			dependencies = (
				D0082F832B9A63BA00534188 /* PBXTargetDependency */,
			);
			name = MapProjectUITests;
			productName = MapProjectUITests;
			productReference = D0082F812B9A63BA00534188 /* MapProjectUITests.xctest */;
			productType = "com.apple.product-type.bundle.ui-testing";
		};
/* End PBXNativeTarget section */

/* Begin PBXProject section */
		D0082F5F2B9A63B900534188 /* Project object */ = {
			isa = PBXProject;
			attributes = {
				BuildIndependentTargetsInParallel = 1;
				LastSwiftUpdateCheck = 1520;
				LastUpgradeCheck = 1520;
				TargetAttributes = {
					D0082F662B9A63B900534188 = {
						CreatedOnToolsVersion = 15.2;
					};
					D0082F762B9A63BA00534188 = {
						CreatedOnToolsVersion = 15.2;
						TestTargetID = D0082F662B9A63B900534188;
					};
					D0082F802B9A63BA00534188 = {
						CreatedOnToolsVersion = 15.2;
						TestTargetID = D0082F662B9A63B900534188;
					};
				};
			};
			buildConfigurationList = D0082F622B9A63B900534188 /* Build configuration list for PBXProject "MapProject" */;
			compatibilityVersion = "Xcode 14.0";
			developmentRegion = en;
			hasScannedForEncodings = 0;
			knownRegions = (
				en,
				Base,
			);
			mainGroup = D0082F5E2B9A63B900534188;
			productRefGroup = D0082F682B9A63B900534188 /* Products */;
			projectDirPath = "";
			projectRoot = "";
			targets = (
				D0082F662B9A63B900534188 /* MapProject */,
				D0082F762B9A63BA00534188 /* MapProjectTests */,
				D0082F802B9A63BA00534188 /* MapProjectUITests */,
			);
		};
/* End PBXProject section */

/* Begin PBXResourcesBuildPhase section */
		D0082F652B9A63B900534188 /* Resources */ = {
			isa = PBXResourcesBuildPhase;
			buildActionMask = 2147483647;
			files = (
				D0082F722B9A63BA00534188 /* Preview Assets.xcassets in Resources */,
				D0082F6F2B9A63BA00534188 /* Assets.xcassets in Resources */,
			);
			runOnlyForDeploymentPostprocessing = 0;
		};
		D0082F752B9A63BA00534188 /* Resources */ = {
			isa = PBXResourcesBuildPhase;
			buildActionMask = 2147483647;
			files = (
			);
			runOnlyForDeploymentPostprocessing = 0;
		};
		D0082F7F2B9A63BA00534188 /* Resources */ = {
			isa = PBXResourcesBuildPhase;
			buildActionMask = 2147483647;
			files = (
			);
			runOnlyForDeploymentPostprocessing = 0;
		};
/* End PBXResourcesBuildPhase section */

/* Begin PBXSourcesBuildPhase section */
		D0082F632B9A63B900534188 /* Sources */ = {
			isa = PBXSourcesBuildPhase;
			buildActionMask = 2147483647;
			files = (
				D0082F6D2B9A63B900534188 /* ContentView.swift in Sources */,
				D0082F952B9A63CB00534188 /* MapView.swift in Sources */,
				D0082F6B2B9A63B900534188 /* MapProjectApp.swift in Sources */,
			);
			runOnlyForDeploymentPostprocessing = 0;
		};
		D0082F732B9A63BA00534188 /* Sources */ = {
			isa = PBXSourcesBuildPhase;
			buildActionMask = 2147483647;
			files = (
				D0082F7C2B9A63BA00534188 /* MapProjectTests.swift in Sources */,
			);
			runOnlyForDeploymentPostprocessing = 0;
		};
		D0082F7D2B9A63BA00534188 /* Sources */ = {
			isa = PBXSourcesBuildPhase;
			buildActionMask = 2147483647;
			files = (
				D0082F862B9A63BA00534188 /* MapProjectUITests.swift in Sources */,
				D0082F882B9A63BA00534188 /* MapProjectUITestsLaunchTests.swift in Sources */,
			);
			runOnlyForDeploymentPostprocessing = 0;
		};
/* End PBXSourcesBuildPhase section */

/* Begin PBXTargetDependency section */
		D0082F792B9A63BA00534188 /* PBXTargetDependency */ = {
			isa = PBXTargetDependency;
			target = D0082F662B9A63B900534188 /* MapProject */;
			targetProxy = D0082F782B9A63BA00534188 /* PBXContainerItemProxy */;
		};
		D0082F832B9A63BA00534188 /* PBXTargetDependency */ = {
			isa = PBXTargetDependency;
			target = D0082F662B9A63B900534188 /* MapProject */;
			targetProxy = D0082F822B9A63BA00534188 /* PBXContainerItemProxy */;
		};
/* End PBXTargetDependency section */

/* Begin XCBuildConfiguration section */
		D0082F892B9A63BA00534188 /* Debug */ = {
			isa = XCBuildConfiguration;
			buildSettings = {
				ALWAYS_SEARCH_USER_PATHS = NO;
				ASSETCATALOG_COMPILER_GENERATE_SWIFT_ASSET_SYMBOL_EXTENSIONS = YES;
				CLANG_ANALYZER_NONNULL = YES;
				CLANG_ANALYZER_NUMBER_OBJECT_CONVERSION = YES_AGGRESSIVE;
				CLANG_CXX_LANGUAGE_STANDARD = "gnu++20";
				CLANG_ENABLE_MODULES = YES;
				CLANG_ENABLE_OBJC_ARC = YES;
				CLANG_ENABLE_OBJC_WEAK = YES;
				CLANG_WARN_BLOCK_CAPTURE_AUTORELEASING = YES;
				CLANG_WARN_BOOL_CONVERSION = YES;
				CLANG_WARN_COMMA = YES;
				CLANG_WARN_CONSTANT_CONVERSION = YES;
				CLANG_WARN_DEPRECATED_OBJC_IMPLEMENTATIONS = YES;
				CLANG_WARN_DIRECT_OBJC_ISA_USAGE = YES_ERROR;
				CLANG_WARN_DOCUMENTATION_COMMENTS = YES;
				CLANG_WARN_EMPTY_BODY = YES;
				CLANG_WARN_ENUM_CONVERSION = YES;
				CLANG_WARN_INFINITE_RECURSION = YES;
				CLANG_WARN_INT_CONVERSION = YES;
				CLANG_WARN_NON_LITERAL_NULL_CONVERSION = YES;
				CLANG_WARN_OBJC_IMPLICIT_RETAIN_SELF = YES;
				CLANG_WARN_OBJC_LITERAL_CONVERSION = YES;
				CLANG_WARN_OBJC_ROOT_CLASS = YES_ERROR;
				CLANG_WARN_QUOTED_INCLUDE_IN_FRAMEWORK_HEADER = YES;
				CLANG_WARN_RANGE_LOOP_ANALYSIS = YES;
				CLANG_WARN_STRICT_PROTOTYPES = YES;
				CLANG_WARN_SUSPICIOUS_MOVE = YES;
				CLANG_WARN_UNGUARDED_AVAILABILITY = YES_AGGRESSIVE;
				CLANG_WARN_UNREACHABLE_CODE = YES;
				CLANG_WARN__DUPLICATE_METHOD_MATCH = YES;
				COPY_PHASE_STRIP = NO;
				DEBUG_INFORMATION_FORMAT = dwarf;
				ENABLE_STRICT_OBJC_MSGSEND = YES;
				ENABLE_TESTABILITY = YES;
				ENABLE_USER_SCRIPT_SANDBOXING = YES;
				GCC_C_LANGUAGE_STANDARD = gnu17;
				GCC_DYNAMIC_NO_PIC = NO;
				GCC_NO_COMMON_BLOCKS = YES;
				GCC_OPTIMIZATION_LEVEL = 0;
				GCC_PREPROCESSOR_DEFINITIONS = (
					"DEBUG=1",
					"$(inherited)",
				);
				GCC_WARN_64_TO_32_BIT_CONVERSION = YES;
				GCC_WARN_ABOUT_RETURN_TYPE = YES_ERROR;
				GCC_WARN_UNDECLARED_SELECTOR = YES;
				GCC_WARN_UNINITIALIZED_AUTOS = YES_AGGRESSIVE;
				GCC_WARN_UNUSED_FUNCTION = YES;
				GCC_WARN_UNUSED_VARIABLE = YES;
				IPHONEOS_DEPLOYMENT_TARGET = 17.2;
				LOCALIZATION_PREFERS_STRING_CATALOGS = YES;
				MTL_ENABLE_DEBUG_INFO = INCLUDE_SOURCE;
				MTL_FAST_MATH = YES;
				ONLY_ACTIVE_ARCH = YES;
				SDKROOT = iphoneos;
				SWIFT_ACTIVE_COMPILATION_CONDITIONS = "DEBUG $(inherited)";
				SWIFT_OPTIMIZATION_LEVEL = "-Onone";
			};
			name = Debug;
		};
		D0082F8A2B9A63BA00534188 /* Release */ = {
			isa = XCBuildConfiguration;
			buildSettings = {
				ALWAYS_SEARCH_USER_PATHS = NO;
				ASSETCATALOG_COMPILER_GENERATE_SWIFT_ASSET_SYMBOL_EXTENSIONS = YES;
				CLANG_ANALYZER_NONNULL = YES;
				CLANG_ANALYZER_NUMBER_OBJECT_CONVERSION = YES_AGGRESSIVE;
				CLANG_CXX_LANGUAGE_STANDARD = "gnu++20";
				CLANG_ENABLE_MODULES = YES;
				CLANG_ENABLE_OBJC_ARC = YES;
				CLANG_ENABLE_OBJC_WEAK = YES;
				CLANG_WARN_BLOCK_CAPTURE_AUTORELEASING = YES;
				CLANG_WARN_BOOL_CONVERSION = YES;
				CLANG_WARN_COMMA = YES;
				CLANG_WARN_CONSTANT_CONVERSION = YES;
				CLANG_WARN_DEPRECATED_OBJC_IMPLEMENTATIONS = YES;
				CLANG_WARN_DIRECT_OBJC_ISA_USAGE = YES_ERROR;
				CLANG_WARN_DOCUMENTATION_COMMENTS = YES;
				CLANG_WARN_EMPTY_BODY = YES;
				CLANG_WARN_ENUM_CONVERSION = YES;
				CLANG_WARN_INFINITE_RECURSION = YES;
				CLANG_WARN_INT_CONVERSION = YES;
				CLANG_WARN_NON_LITERAL_NULL_CONVERSION = YES;
				CLANG_WARN_OBJC_IMPLICIT_RETAIN_SELF = YES;
				CLANG_WARN_OBJC_LITERAL_CONVERSION = YES;
				CLANG_WARN_OBJC_ROOT_CLASS = YES_ERROR;
				CLANG_WARN_QUOTED_INCLUDE_IN_FRAMEWORK_HEADER = YES;
				CLANG_WARN_RANGE_LOOP_ANALYSIS = YES;
				CLANG_WARN_STRICT_PROTOTYPES = YES;
				CLANG_WARN_SUSPICIOUS_MOVE = YES;
				CLANG_WARN_UNGUARDED_AVAILABILITY = YES_AGGRESSIVE;
				CLANG_WARN_UNREACHABLE_CODE = YES;
				CLANG_WARN__DUPLICATE_METHOD_MATCH = YES;
				COPY_PHASE_STRIP = NO;
				DEBUG_INFORMATION_FORMAT = "dwarf-with-dsym";
				ENABLE_NS_ASSERTIONS = NO;
				ENABLE_STRICT_OBJC_MSGSEND = YES;
				ENABLE_USER_SCRIPT_SANDBOXING = YES;
				GCC_C_LANGUAGE_STANDARD = gnu17;
				GCC_NO_COMMON_BLOCKS = YES;
				GCC_WARN_64_TO_32_BIT_CONVERSION = YES;
				GCC_WARN_ABOUT_RETURN_TYPE = YES_ERROR;
				GCC_WARN_UNDECLARED_SELECTOR = YES;
				GCC_WARN_UNINITIALIZED_AUTOS = YES_AGGRESSIVE;
				GCC_WARN_UNUSED_FUNCTION = YES;
				GCC_WARN_UNUSED_VARIABLE = YES;
				IPHONEOS_DEPLOYMENT_TARGET = 17.2;
				LOCALIZATION_PREFERS_STRING_CATALOGS = YES;
				MTL_ENABLE_DEBUG_INFO = NO;
				MTL_FAST_MATH = YES;
				SDKROOT = iphoneos;
				SWIFT_COMPILATION_MODE = wholemodule;
				VALIDATE_PRODUCT = YES;
			};
			name = Release;
		};
		D0082F8C2B9A63BA00534188 /* Debug */ = {
			isa = XCBuildConfiguration;
			buildSettings = {
				ASSETCATALOG_COMPILER_APPICON_NAME = AppIcon;
				ASSETCATALOG_COMPILER_GLOBAL_ACCENT_COLOR_NAME = AccentColor;
				CODE_SIGN_STYLE = Automatic;
				CURRENT_PROJECT_VERSION = 1;
				DEVELOPMENT_ASSET_PATHS = "\"MapProject/Preview Content\"";
				DEVELOPMENT_TEAM = VVQ9J45SJ2;
				ENABLE_PREVIEWS = YES;
				GENERATE_INFOPLIST_FILE = YES;
				INFOPLIST_KEY_UIApplicationSceneManifest_Generation = YES;
				INFOPLIST_KEY_UIApplicationSupportsIndirectInputEvents = YES;
				INFOPLIST_KEY_UILaunchScreen_Generation = YES;
				INFOPLIST_KEY_UISupportedInterfaceOrientations_iPad = "UIInterfaceOrientationPortrait UIInterfaceOrientationPortraitUpsideDown UIInterfaceOrientationLandscapeLeft UIInterfaceOrientationLandscapeRight";
				INFOPLIST_KEY_UISupportedInterfaceOrientations_iPhone = "UIInterfaceOrientationPortrait UIInterfaceOrientationLandscapeLeft UIInterfaceOrientationLandscapeRight";
				LD_RUNPATH_SEARCH_PATHS = (
					"$(inherited)",
					"@executable_path/Frameworks",
				);
				MARKETING_VERSION = 1.0;
				PRODUCT_BUNDLE_IDENTIFIER = "dev.swapnil-roy.MapProject";
				PRODUCT_NAME = "$(TARGET_NAME)";
				SWIFT_EMIT_LOC_STRINGS = YES;
				SWIFT_VERSION = 5.0;
				TARGETED_DEVICE_FAMILY = "1,2";
			};
			name = Debug;
		};
		D0082F8D2B9A63BA00534188 /* Release */ = {
			isa = XCBuildConfiguration;
			buildSettings = {
				ASSETCATALOG_COMPILER_APPICON_NAME = AppIcon;
				ASSETCATALOG_COMPILER_GLOBAL_ACCENT_COLOR_NAME = AccentColor;
				CODE_SIGN_STYLE = Automatic;
				CURRENT_PROJECT_VERSION = 1;
				DEVELOPMENT_ASSET_PATHS = "\"MapProject/Preview Content\"";
				DEVELOPMENT_TEAM = VVQ9J45SJ2;
				ENABLE_PREVIEWS = YES;
				GENERATE_INFOPLIST_FILE = YES;
				INFOPLIST_KEY_UIApplicationSceneManifest_Generation = YES;
				INFOPLIST_KEY_UIApplicationSupportsIndirectInputEvents = YES;
				INFOPLIST_KEY_UILaunchScreen_Generation = YES;
				INFOPLIST_KEY_UISupportedInterfaceOrientations_iPad = "UIInterfaceOrientationPortrait UIInterfaceOrientationPortraitUpsideDown UIInterfaceOrientationLandscapeLeft UIInterfaceOrientationLandscapeRight";
				INFOPLIST_KEY_UISupportedInterfaceOrientations_iPhone = "UIInterfaceOrientationPortrait UIInterfaceOrientationLandscapeLeft UIInterfaceOrientationLandscapeRight";
				LD_RUNPATH_SEARCH_PATHS = (
					"$(inherited)",
					"@executable_path/Frameworks",
				);
				MARKETING_VERSION = 1.0;
				PRODUCT_BUNDLE_IDENTIFIER = "dev.swapnil-roy.MapProject";
				PRODUCT_NAME = "$(TARGET_NAME)";
				SWIFT_EMIT_LOC_STRINGS = YES;
				SWIFT_VERSION = 5.0;
				TARGETED_DEVICE_FAMILY = "1,2";
			};
			name = Release;
		};
		D0082F8F2B9A63BA00534188 /* Debug */ = {
			isa = XCBuildConfiguration;
			buildSettings = {
				ALWAYS_EMBED_SWIFT_STANDARD_LIBRARIES = YES;
				BUNDLE_LOADER = "$(TEST_HOST)";
				CODE_SIGN_STYLE = Automatic;
				CURRENT_PROJECT_VERSION = 1;
				DEVELOPMENT_TEAM = VVQ9J45SJ2;
				GENERATE_INFOPLIST_FILE = YES;
				IPHONEOS_DEPLOYMENT_TARGET = 17.2;
				MARKETING_VERSION = 1.0;
				PRODUCT_BUNDLE_IDENTIFIER = "dev.swapnil-roy.MapProjectTests";
				PRODUCT_NAME = "$(TARGET_NAME)";
				SWIFT_EMIT_LOC_STRINGS = NO;
				SWIFT_VERSION = 5.0;
				TARGETED_DEVICE_FAMILY = "1,2";
				TEST_HOST = "$(BUILT_PRODUCTS_DIR)/MapProject.app/$(BUNDLE_EXECUTABLE_FOLDER_PATH)/MapProject";
			};
			name = Debug;
		};
		D0082F902B9A63BA00534188 /* Release */ = {
			isa = XCBuildConfiguration;
			buildSettings = {
				ALWAYS_EMBED_SWIFT_STANDARD_LIBRARIES = YES;
				BUNDLE_LOADER = "$(TEST_HOST)";
				CODE_SIGN_STYLE = Automatic;
				CURRENT_PROJECT_VERSION = 1;
				DEVELOPMENT_TEAM = VVQ9J45SJ2;
				GENERATE_INFOPLIST_FILE = YES;
				IPHONEOS_DEPLOYMENT_TARGET = 17.2;
				MARKETING_VERSION = 1.0;
				PRODUCT_BUNDLE_IDENTIFIER = "dev.swapnil-roy.MapProjectTests";
				PRODUCT_NAME = "$(TARGET_NAME)";
				SWIFT_EMIT_LOC_STRINGS = NO;
				SWIFT_VERSION = 5.0;
				TARGETED_DEVICE_FAMILY = "1,2";
				TEST_HOST = "$(BUILT_PRODUCTS_DIR)/MapProject.app/$(BUNDLE_EXECUTABLE_FOLDER_PATH)/MapProject";
			};
			name = Release;
		};
		D0082F922B9A63BA00534188 /* Debug */ = {
			isa = XCBuildConfiguration;
			buildSettings = {
				ALWAYS_EMBED_SWIFT_STANDARD_LIBRARIES = YES;
				CODE_SIGN_STYLE = Automatic;
				CURRENT_PROJECT_VERSION = 1;
				DEVELOPMENT_TEAM = VVQ9J45SJ2;
				GENERATE_INFOPLIST_FILE = YES;
				MARKETING_VERSION = 1.0;
				PRODUCT_BUNDLE_IDENTIFIER = "dev.swapnil-roy.MapProjectUITests";
				PRODUCT_NAME = "$(TARGET_NAME)";
				SWIFT_EMIT_LOC_STRINGS = NO;
				SWIFT_VERSION = 5.0;
				TARGETED_DEVICE_FAMILY = "1,2";
				TEST_TARGET_NAME = MapProject;
			};
			name = Debug;
		};
		D0082F932B9A63BA00534188 /* Release */ = {
			isa = XCBuildConfiguration;
			buildSettings = {
				ALWAYS_EMBED_SWIFT_STANDARD_LIBRARIES = YES;
				CODE_SIGN_STYLE = Automatic;
				CURRENT_PROJECT_VERSION = 1;
				DEVELOPMENT_TEAM = VVQ9J45SJ2;
				GENERATE_INFOPLIST_FILE = YES;
				MARKETING_VERSION = 1.0;
				PRODUCT_BUNDLE_IDENTIFIER = "dev.swapnil-roy.MapProjectUITests";
				PRODUCT_NAME = "$(TARGET_NAME)";
				SWIFT_EMIT_LOC_STRINGS = NO;
				SWIFT_VERSION = 5.0;
				TARGETED_DEVICE_FAMILY = "1,2";
				TEST_TARGET_NAME = MapProject;
			};
			name = Release;
		};
/* End XCBuildConfiguration section */

/* Begin XCConfigurationList section */
		D0082F622B9A63B900534188 /* Build configuration list for PBXProject "MapProject" */ = {
			isa = XCConfigurationList;
			buildConfigurations = (
				D0082F892B9A63BA00534188 /* Debug */,
				D0082F8A2B9A63BA00534188 /* Release */,
			);
			defaultConfigurationIsVisible = 0;
			defaultConfigurationName = Release;
		};
		D0082F8B2B9A63BA00534188 /* Build configuration list for PBXNativeTarget "MapProject" */ = {
			isa = XCConfigurationList;
			buildConfigurations = (
				D0082F8C2B9A63BA00534188 /* Debug */,
				D0082F8D2B9A63BA00534188 /* Release */,
			);
			defaultConfigurationIsVisible = 0;
			defaultConfigurationName = Release;
		};
		D0082F8E2B9A63BA00534188 /* Build configuration list for PBXNativeTarget "MapProjectTests" */ = {
			isa = XCConfigurationList;
			buildConfigurations = (
				D0082F8F2B9A63BA00534188 /* Debug */,
				D0082F902B9A63BA00534188 /* Release */,
			);
			defaultConfigurationIsVisible = 0;
			defaultConfigurationName = Release;
		};
		D0082F912B9A63BA00534188 /* Build configuration list for PBXNativeTarget "MapProjectUITests" */ = {
			isa = XCConfigurationList;
			buildConfigurations = (
				D0082F922B9A63BA00534188 /* Debug */,
				D0082F932B9A63BA00534188 /* Release */,
			);
			defaultConfigurationIsVisible = 0;
			defaultConfigurationName = Release;
		};
/* End XCConfigurationList section */
	};
	rootObject = D0082F5F2B9A63B900534188 /* Project object */;
}
